// !$*UTF8*$!
{
	archiveVersion = 1;
	classes = {
	};
	objectVersion = 52;
	objects = {

/* Begin PBXBuildFile section */
		151A3C7F26CE049000A39FAF /* NavigationTab.swift in Sources */ = {isa = PBXBuildFile; fileRef = 151A3C7E26CE049000A39FAF /* NavigationTab.swift */; };
		151A3C8126CE134A00A39FAF /* FontStyles.swift in Sources */ = {isa = PBXBuildFile; fileRef = 151A3C8026CE134A00A39FAF /* FontStyles.swift */; };
		151A3C8326D1B0D200A39FAF /* UserAvatar.swift in Sources */ = {isa = PBXBuildFile; fileRef = 151A3C8226D1B0D200A39FAF /* UserAvatar.swift */; };
		151A3C8526D1E03E00A39FAF /* FeedToggle.swift in Sources */ = {isa = PBXBuildFile; fileRef = 151A3C8426D1E03E00A39FAF /* FeedToggle.swift */; };
		151A3C8826D3256F00A39FAF /* HomeFeed.swift in Sources */ = {isa = PBXBuildFile; fileRef = 151A3C8726D3256F00A39FAF /* HomeFeed.swift */; };
		151A3C8B26D32F4600A39FAF /* AskCard.swift in Sources */ = {isa = PBXBuildFile; fileRef = 151A3C8A26D32F4600A39FAF /* AskCard.swift */; };
		151A3C8E26D41B5400A39FAF /* AskCardViewModel.swift in Sources */ = {isa = PBXBuildFile; fileRef = 151A3C8D26D41B5400A39FAF /* AskCardViewModel.swift */; };
		151A3C9426D5679800A39FAF /* AskDoneToggle.swift in Sources */ = {isa = PBXBuildFile; fileRef = 151A3C9326D5679800A39FAF /* AskDoneToggle.swift */; };
		151A3C9626D567A800A39FAF /* AskDoneToggleViewModel.swift in Sources */ = {isa = PBXBuildFile; fileRef = 151A3C9526D567A800A39FAF /* AskDoneToggleViewModel.swift */; };
		151A3C9826D5B9F000A39FAF /* BodyCell.swift in Sources */ = {isa = PBXBuildFile; fileRef = 151A3C9726D5B9F000A39FAF /* BodyCell.swift */; };
		151A3C9B26D5BEF000A39FAF /* TimeAgoStamp.swift in Sources */ = {isa = PBXBuildFile; fileRef = 151A3C9A26D5BEF000A39FAF /* TimeAgoStamp.swift */; };
		1524FCC826D753170000629C /* AskMenu.swift in Sources */ = {isa = PBXBuildFile; fileRef = 1524FCC726D753170000629C /* AskMenu.swift */; };
		1524FCCA26D753240000629C /* AskMenuViewModel.swift in Sources */ = {isa = PBXBuildFile; fileRef = 1524FCC926D753240000629C /* AskMenuViewModel.swift */; };
		1524FCCF26D753320000629C /* FooterCellViewModel.swift in Sources */ = {isa = PBXBuildFile; fileRef = 1524FCCB26D753310000629C /* FooterCellViewModel.swift */; };
		1524FCD026D753320000629C /* HeaderCellViewModel.swift in Sources */ = {isa = PBXBuildFile; fileRef = 1524FCCC26D753310000629C /* HeaderCellViewModel.swift */; };
		1524FCD226D753320000629C /* HeaderCell.swift in Sources */ = {isa = PBXBuildFile; fileRef = 1524FCCE26D753320000629C /* HeaderCell.swift */; };
		1524FCD526D754500000629C /* TextCell.swift in Sources */ = {isa = PBXBuildFile; fileRef = 1524FCD326D754500000629C /* TextCell.swift */; };
		1524FCD926D7545F0000629C /* Connections.swift in Sources */ = {isa = PBXBuildFile; fileRef = 1524FCD726D7545E0000629C /* Connections.swift */; };
		1524FCDA26D7545F0000629C /* ProfileHeader.swift in Sources */ = {isa = PBXBuildFile; fileRef = 1524FCD826D7545F0000629C /* ProfileHeader.swift */; };
		1524FCE726D759CE0000629C /* FooterCell.swift in Sources */ = {isa = PBXBuildFile; fileRef = 1524FCE626D759CE0000629C /* FooterCell.swift */; };
		1524FCED26D75B1D0000629C /* LikeButton.swift in Sources */ = {isa = PBXBuildFile; fileRef = 1524FCEC26D75B1D0000629C /* LikeButton.swift */; };
		1524FCEF26D75B5D0000629C /* CommentButton.swift in Sources */ = {isa = PBXBuildFile; fileRef = 1524FCEE26D75B5D0000629C /* CommentButton.swift */; };
		1524FCF126D75F100000629C /* ShareButton.swift in Sources */ = {isa = PBXBuildFile; fileRef = 1524FCF026D75F100000629C /* ShareButton.swift */; };
		1524FCF326D75F1F0000629C /* ShareButtonViewModel.swift in Sources */ = {isa = PBXBuildFile; fileRef = 1524FCF226D75F1E0000629C /* ShareButtonViewModel.swift */; };
		1524FCF826D812E70000629C /* CircleLoader.swift in Sources */ = {isa = PBXBuildFile; fileRef = 1524FCF726D812E70000629C /* CircleLoader.swift */; };
		156E6AD526D8A0A700690E47 /* NotificationEntry.swift in Sources */ = {isa = PBXBuildFile; fileRef = 156E6AD426D8A0A700690E47 /* NotificationEntry.swift */; };
		156E6AE426D8A13400690E47 /* ProfileView.swift in Sources */ = {isa = PBXBuildFile; fileRef = 156E6AE026D8A13400690E47 /* ProfileView.swift */; };
		156E6AE526D8A13400690E47 /* UserProfileView.swift in Sources */ = {isa = PBXBuildFile; fileRef = 156E6AE126D8A13400690E47 /* UserProfileView.swift */; };
		156E6AE626D8A13400690E47 /* UserProfileViewModel.swift in Sources */ = {isa = PBXBuildFile; fileRef = 156E6AE226D8A13400690E47 /* UserProfileViewModel.swift */; };
		156E6AE726D8A13400690E47 /* ProfileViewModel.swift in Sources */ = {isa = PBXBuildFile; fileRef = 156E6AE326D8A13400690E47 /* ProfileViewModel.swift */; };
		15DA39B426DC5C620080193E /* AskCardPlaceholder.swift in Sources */ = {isa = PBXBuildFile; fileRef = 15DA39B326DC5C620080193E /* AskCardPlaceholder.swift */; };
		3B0DFBDE26B78D86008CE0D1 /* UpdatePhotoVM.swift in Sources */ = {isa = PBXBuildFile; fileRef = 3B0DFBDD26B78D86008CE0D1 /* UpdatePhotoVM.swift */; };
		3B3A880D26E0007A003E780F /* ReferViewModel.swift in Sources */ = {isa = PBXBuildFile; fileRef = 3B3A880C26E0007A003E780F /* ReferViewModel.swift */; };
		3B5BDB51268F82790034B18C /* fetchUser.swift in Sources */ = {isa = PBXBuildFile; fileRef = 3B5BDB50268F82790034B18C /* fetchUser.swift */; };
		3B5BDB58268F94E00034B18C /* ReportModel.swift in Sources */ = {isa = PBXBuildFile; fileRef = 3B5BDB57268F94E00034B18C /* ReportModel.swift */; };
		3B5BDB5A268F98AC0034B18C /* ReportInput.swift in Sources */ = {isa = PBXBuildFile; fileRef = 3B5BDB59268F98AC0034B18C /* ReportInput.swift */; };
		3B5BDB5C268F98E70034B18C /* ReportInputViewModel.swift in Sources */ = {isa = PBXBuildFile; fileRef = 3B5BDB5B268F98E70034B18C /* ReportInputViewModel.swift */; };
		3B5BDB5E268FA1980034B18C /* ReportApi.swift in Sources */ = {isa = PBXBuildFile; fileRef = 3B5BDB5D268FA1980034B18C /* ReportApi.swift */; };
		3B75E3C2267153BA002F3108 /* SigninView.swift in Sources */ = {isa = PBXBuildFile; fileRef = 3B75E3C1267153BA002F3108 /* SigninView.swift */; };
		3B75E3C4267153BB002F3108 /* Assets.xcassets in Resources */ = {isa = PBXBuildFile; fileRef = 3B75E3C3267153BB002F3108 /* Assets.xcassets */; };
		3B75E3C7267153BB002F3108 /* Preview Assets.xcassets in Resources */ = {isa = PBXBuildFile; fileRef = 3B75E3C6267153BB002F3108 /* Preview Assets.xcassets */; };
		3B75E3D326715C5A002F3108 /* SigninButton.swift in Sources */ = {isa = PBXBuildFile; fileRef = 3B75E3D226715C5A002F3108 /* SigninButton.swift */; };
		3B75E3D526715CAC002F3108 /* SignupText.swift in Sources */ = {isa = PBXBuildFile; fileRef = 3B75E3D426715CAC002F3108 /* SignupText.swift */; };
		3B75E3D726715CCE002F3108 /* PasswordTextField.swift in Sources */ = {isa = PBXBuildFile; fileRef = 3B75E3D626715CCE002F3108 /* PasswordTextField.swift */; };
		3B75E3D926715CDE002F3108 /* EmailTextField.swift in Sources */ = {isa = PBXBuildFile; fileRef = 3B75E3D826715CDE002F3108 /* EmailTextField.swift */; };
		3B75E3DB26715D26002F3108 /* Modifiers.swift in Sources */ = {isa = PBXBuildFile; fileRef = 3B75E3DA26715D26002F3108 /* Modifiers.swift */; };
		3B75E3DD26716074002F3108 /* Constants.swift in Sources */ = {isa = PBXBuildFile; fileRef = 3B75E3DC26716074002F3108 /* Constants.swift */; };
		3B75E3DF267163A1002F3108 /* SignupView.swift in Sources */ = {isa = PBXBuildFile; fileRef = 3B75E3DE267163A1002F3108 /* SignupView.swift */; };
		3B75E3E1267163FC002F3108 /* Signin+HeaderView.swift in Sources */ = {isa = PBXBuildFile; fileRef = 3B75E3E0267163FC002F3108 /* Signin+HeaderView.swift */; };
		3B75E3E32671657F002F3108 /* NamesTextField.swift in Sources */ = {isa = PBXBuildFile; fileRef = 3B75E3E22671657F002F3108 /* NamesTextField.swift */; };
		3B75E3E526716787002F3108 /* SignupButton.swift in Sources */ = {isa = PBXBuildFile; fileRef = 3B75E3E426716787002F3108 /* SignupButton.swift */; };
		3B75E3F426716E41002F3108 /* ImagePicker.swift in Sources */ = {isa = PBXBuildFile; fileRef = 3B75E3F326716E41002F3108 /* ImagePicker.swift */; };
		3B7AF02E2671816A003BCCF3 /* User.swift in Sources */ = {isa = PBXBuildFile; fileRef = 3B7AF02D2671816A003BCCF3 /* User.swift */; };
		3B7AF03026718263003BCCF3 /* Extensions.swift in Sources */ = {isa = PBXBuildFile; fileRef = 3B7AF02F26718263003BCCF3 /* Extensions.swift */; };
		3B7AF04126718A4D003BCCF3 /* SignupViewModel.swift in Sources */ = {isa = PBXBuildFile; fileRef = 3B7AF04026718A4D003BCCF3 /* SignupViewModel.swift */; };
		3B7AF04326718AF1003BCCF3 /* AuthService.swift in Sources */ = {isa = PBXBuildFile; fileRef = 3B7AF04226718AF1003BCCF3 /* AuthService.swift */; };
		3B7AF04626718C2E003BCCF3 /* FirebaseAnalytics in Frameworks */ = {isa = PBXBuildFile; productRef = 3B7AF04526718C2E003BCCF3 /* FirebaseAnalytics */; };
		3B7AF04826718C2E003BCCF3 /* FirebaseStorage in Frameworks */ = {isa = PBXBuildFile; productRef = 3B7AF04726718C2E003BCCF3 /* FirebaseStorage */; };
		3B7AF04A26718C2E003BCCF3 /* FirebaseAuth in Frameworks */ = {isa = PBXBuildFile; productRef = 3B7AF04926718C2E003BCCF3 /* FirebaseAuth */; };
		3B7AF04E26718C2E003BCCF3 /* FirebaseDatabase in Frameworks */ = {isa = PBXBuildFile; productRef = 3B7AF04D26718C2E003BCCF3 /* FirebaseDatabase */; };
		3B7AF05026718D42003BCCF3 /* StorageService.swift in Sources */ = {isa = PBXBuildFile; fileRef = 3B7AF04F26718D42003BCCF3 /* StorageService.swift */; };
		3B7AF05226719610003BCCF3 /* SigninViewModel.swift in Sources */ = {isa = PBXBuildFile; fileRef = 3B7AF05126719610003BCCF3 /* SigninViewModel.swift */; };
		3B7AF054267197BA003BCCF3 /* InitialView.swift in Sources */ = {isa = PBXBuildFile; fileRef = 3B7AF053267197BA003BCCF3 /* InitialView.swift */; };
		3B7AF056267197EC003BCCF3 /* SessionStore.swift in Sources */ = {isa = PBXBuildFile; fileRef = 3B7AF055267197EC003BCCF3 /* SessionStore.swift */; };
		3B7AF05826719885003BCCF3 /* MainView.swift in Sources */ = {isa = PBXBuildFile; fileRef = 3B7AF05726719885003BCCF3 /* MainView.swift */; };
		3B7AF05A26719AB2003BCCF3 /* HomeView.swift in Sources */ = {isa = PBXBuildFile; fileRef = 3B7AF05926719AB2003BCCF3 /* HomeView.swift */; };
		3B7AF06D2671A01B003BCCF3 /* CommentRow.swift in Sources */ = {isa = PBXBuildFile; fileRef = 3B7AF06C2671A01B003BCCF3 /* CommentRow.swift */; };
		3B7AF06F2671A03A003BCCF3 /* CommentView.swift in Sources */ = {isa = PBXBuildFile; fileRef = 3B7AF06E2671A03A003BCCF3 /* CommentView.swift */; };
		3B7AF0712671A1FC003BCCF3 /* CommentInput.swift in Sources */ = {isa = PBXBuildFile; fileRef = 3B7AF0702671A1FC003BCCF3 /* CommentInput.swift */; };
		3B7AF0732671A639003BCCF3 /* SearchView.swift in Sources */ = {isa = PBXBuildFile; fileRef = 3B7AF0722671A639003BCCF3 /* SearchView.swift */; };
		3B7AF0752671A9C2003BCCF3 /* CameraView.swift in Sources */ = {isa = PBXBuildFile; fileRef = 3B7AF0742671A9C2003BCCF3 /* CameraView.swift */; };
		3B7AF0772671B962003BCCF3 /* NotificationView.swift in Sources */ = {isa = PBXBuildFile; fileRef = 3B7AF0762671B962003BCCF3 /* NotificationView.swift */; };
		3B7AF07F2671BBA8003BCCF3 /* UsersView.swift in Sources */ = {isa = PBXBuildFile; fileRef = 3B7AF07E2671BBA8003BCCF3 /* UsersView.swift */; };
		3B7AF0812671BBD4003BCCF3 /* MessagesView.swift in Sources */ = {isa = PBXBuildFile; fileRef = 3B7AF0802671BBD4003BCCF3 /* MessagesView.swift */; };
		3B7AF0832671BC28003BCCF3 /* ChatView.swift in Sources */ = {isa = PBXBuildFile; fileRef = 3B7AF0822671BC28003BCCF3 /* ChatView.swift */; };
		3B7AF0852671C08F003BCCF3 /* SearchBar.swift in Sources */ = {isa = PBXBuildFile; fileRef = 3B7AF0842671C08F003BCCF3 /* SearchBar.swift */; };
		3B7AF0872671CA69003BCCF3 /* UsersViewModel.swift in Sources */ = {isa = PBXBuildFile; fileRef = 3B7AF0862671CA69003BCCF3 /* UsersViewModel.swift */; };
		3B7AF0892671CB35003BCCF3 /* Api.swift in Sources */ = {isa = PBXBuildFile; fileRef = 3B7AF0882671CB35003BCCF3 /* Api.swift */; };
		3B7AF08B2671CB68003BCCF3 /* UserApi.swift in Sources */ = {isa = PBXBuildFile; fileRef = 3B7AF08A2671CB68003BCCF3 /* UserApi.swift */; };
		3B7AF0912671D3A3003BCCF3 /* URLImage in Frameworks */ = {isa = PBXBuildFile; productRef = 3B7AF0902671D3A3003BCCF3 /* URLImage */; };
		3B7AF0932671D474003BCCF3 /* CameraViewModel.swift in Sources */ = {isa = PBXBuildFile; fileRef = 3B7AF0922671D474003BCCF3 /* CameraViewModel.swift */; };
		3B7AF0952671D5FA003BCCF3 /* PostApi.swift in Sources */ = {isa = PBXBuildFile; fileRef = 3B7AF0942671D5FA003BCCF3 /* PostApi.swift */; };
		3B7AF0972671D98E003BCCF3 /* Post.swift in Sources */ = {isa = PBXBuildFile; fileRef = 3B7AF0962671D98E003BCCF3 /* Post.swift */; };
		3B7AF09C2671E1DA003BCCF3 /* Selection.swift in Sources */ = {isa = PBXBuildFile; fileRef = 3B7AF09B2671E1DA003BCCF3 /* Selection.swift */; };
		3B7AF09E2671E3BA003BCCF3 /* GridPosts.swift in Sources */ = {isa = PBXBuildFile; fileRef = 3B7AF09D2671E3BA003BCCF3 /* GridPosts.swift */; };
		3B7AF0A02671E404003BCCF3 /* ProfileInformation.swift in Sources */ = {isa = PBXBuildFile; fileRef = 3B7AF09F2671E404003BCCF3 /* ProfileInformation.swift */; };
		3B7AF0A22671E416003BCCF3 /* EditProfile.swift in Sources */ = {isa = PBXBuildFile; fileRef = 3B7AF0A12671E416003BCCF3 /* EditProfile.swift */; };
		3B7AF0A52671EA03003BCCF3 /* PostPopularViewModel.swift in Sources */ = {isa = PBXBuildFile; fileRef = 3B7AF0A42671EA03003BCCF3 /* PostPopularViewModel.swift */; };
		3B7AF0A72672870F003BCCF3 /* HomeViewModel.swift in Sources */ = {isa = PBXBuildFile; fileRef = 3B7AF0A62672870F003BCCF3 /* HomeViewModel.swift */; };
		3B7AF0AB26729F81003BCCF3 /* CommentInputViewModel.swift in Sources */ = {isa = PBXBuildFile; fileRef = 3B7AF0AA26729F81003BCCF3 /* CommentInputViewModel.swift */; };
		3B7AF0AD26729FCC003BCCF3 /* CommentApi.swift in Sources */ = {isa = PBXBuildFile; fileRef = 3B7AF0AC26729FCC003BCCF3 /* CommentApi.swift */; };
		3B7AF0AF2672A053003BCCF3 /* Comment.swift in Sources */ = {isa = PBXBuildFile; fileRef = 3B7AF0AE2672A053003BCCF3 /* Comment.swift */; };
		3B7AF0B12672AB2F003BCCF3 /* CommentViewModel.swift in Sources */ = {isa = PBXBuildFile; fileRef = 3B7AF0B02672AB2F003BCCF3 /* CommentViewModel.swift */; };
		3B7AF0B32672C04A003BCCF3 /* ChatViewModel.swift in Sources */ = {isa = PBXBuildFile; fileRef = 3B7AF0B22672C04A003BCCF3 /* ChatViewModel.swift */; };
		3B7AF0B52672C15A003BCCF3 /* ChatApi.swift in Sources */ = {isa = PBXBuildFile; fileRef = 3B7AF0B42672C15A003BCCF3 /* ChatApi.swift */; };
		3B7AF0B72672C21F003BCCF3 /* Chat.swift in Sources */ = {isa = PBXBuildFile; fileRef = 3B7AF0B62672C21E003BCCF3 /* Chat.swift */; };
		3B7AF0B92672C29D003BCCF3 /* InboxMessage.swift in Sources */ = {isa = PBXBuildFile; fileRef = 3B7AF0B82672C29D003BCCF3 /* InboxMessage.swift */; };
		3B7AF0BB2672CACE003BCCF3 /* MessageViewModel.swift in Sources */ = {isa = PBXBuildFile; fileRef = 3B7AF0BA2672CACE003BCCF3 /* MessageViewModel.swift */; };
		3B7AF0BF2673EAFB003BCCF3 /* Activity.swift in Sources */ = {isa = PBXBuildFile; fileRef = 3B7AF0BE2673EAFB003BCCF3 /* Activity.swift */; };
		3B7AF0C12673EE2E003BCCF3 /* ActivityViewModel.swift in Sources */ = {isa = PBXBuildFile; fileRef = 3B7AF0C02673EE2D003BCCF3 /* ActivityViewModel.swift */; };
		3B7AF0C32673EEA0003BCCF3 /* ActivityApi.swift in Sources */ = {isa = PBXBuildFile; fileRef = 3B7AF0C22673EE9F003BCCF3 /* ActivityApi.swift */; };
		3B86E43E26C998E300F64416 /* ActivityIndicatorView.swift in Sources */ = {isa = PBXBuildFile; fileRef = 3B86E43D26C998E300F64416 /* ActivityIndicatorView.swift */; };
		3B924C9826CB11B300747233 /* LaunchScreen.storyboard in Resources */ = {isa = PBXBuildFile; fileRef = 3B924C9726CB11B300747233 /* LaunchScreen.storyboard */; };
		3B928C3B269EA383007A34B8 /* ImageView.swift in Sources */ = {isa = PBXBuildFile; fileRef = 3B928C3A269EA383007A34B8 /* ImageView.swift */; };
		3B94C37426C311ED00BCCFBA /* FirebaseDynamicLinks in Frameworks */ = {isa = PBXBuildFile; productRef = 3B94C37326C311ED00BCCFBA /* FirebaseDynamicLinks */; };
		3B94FFD52676868200B4CC22 /* BioTextField.swift in Sources */ = {isa = PBXBuildFile; fileRef = 3B94FFD42676868200B4CC22 /* BioTextField.swift */; };
		3B96DD6626DF46A500015EED /* ReferButton.swift in Sources */ = {isa = PBXBuildFile; fileRef = 3B96DD6526DF46A500015EED /* ReferButton.swift */; };
		3B96DD6A26DF494800015EED /* ReferHeader.swift in Sources */ = {isa = PBXBuildFile; fileRef = 3B96DD6926DF494800015EED /* ReferHeader.swift */; };
		3B96DD6E26DF4C9E00015EED /* ReferCard.swift in Sources */ = {isa = PBXBuildFile; fileRef = 3B96DD6D26DF4C9E00015EED /* ReferCard.swift */; };
		3B96DD7026DF5C6000015EED /* ReferConnectionsList.swift in Sources */ = {isa = PBXBuildFile; fileRef = 3B96DD6F26DF5C6000015EED /* ReferConnectionsList.swift */; };
		3B9774252694FE0000F1EF14 /* alertView.swift in Sources */ = {isa = PBXBuildFile; fileRef = 3B9774242694FE0000F1EF14 /* alertView.swift */; };
		3B97807D26813BC1009CE037 /* FirebaseMessaging in Frameworks */ = {isa = PBXBuildFile; productRef = 3B97807C26813BC1009CE037 /* FirebaseMessaging */; };
		3BC155AD26D721600069AFD4 /* GoogleService-Info.plist in Resources */ = {isa = PBXBuildFile; fileRef = 3BC155AC26D721600069AFD4 /* GoogleService-Info.plist */; };
		3BC155AF26D8245C0069AFD4 /* FirebaseFirestoreSwift-Beta in Frameworks */ = {isa = PBXBuildFile; productRef = 3BC155AE26D8245C0069AFD4 /* FirebaseFirestoreSwift-Beta */; };
		3BD12F1526C9CA1500E26A87 /* AppDel.swift in Sources */ = {isa = PBXBuildFile; fileRef = 3BD12F1426C9CA1500E26A87 /* AppDel.swift */; };
		3BD604EF26AA1CDE004FFEEC /* DoneCell.swift in Sources */ = {isa = PBXBuildFile; fileRef = 3BD604EE26AA1CDE004FFEEC /* DoneCell.swift */; };
		3BD604F326B08CA8004FFEEC /* DoneToggle.swift in Sources */ = {isa = PBXBuildFile; fileRef = 3BD604F226B08CA8004FFEEC /* DoneToggle.swift */; };
		3BD604F526B0A332004FFEEC /* DoneViewModel.swift in Sources */ = {isa = PBXBuildFile; fileRef = 3BD604F426B0A332004FFEEC /* DoneViewModel.swift */; };
		3BD604F726B0A9DD004FFEEC /* DoneView.swift in Sources */ = {isa = PBXBuildFile; fileRef = 3BD604F626B0A9DD004FFEEC /* DoneView.swift */; };
		3BE57FF326D88D8B005C242F /* ProfileSettings.swift in Sources */ = {isa = PBXBuildFile; fileRef = 3BE57FF226D88D8B005C242F /* ProfileSettings.swift */; };
		3BE57FF526D89823005C242F /* ProfileDetailView.swift in Sources */ = {isa = PBXBuildFile; fileRef = 3BE57FF426D89823005C242F /* ProfileDetailView.swift */; };
		3BE57FF726D89994005C242F /* ProfileNavigation.swift in Sources */ = {isa = PBXBuildFile; fileRef = 3BE57FF626D89994005C242F /* ProfileNavigation.swift */; };
		3BE57FF926D95A34005C242F /* ProfileCard.swift in Sources */ = {isa = PBXBuildFile; fileRef = 3BE57FF826D95A34005C242F /* ProfileCard.swift */; };
		3BE57FFB26D9A85E005C242F /* ProfileInfo.swift in Sources */ = {isa = PBXBuildFile; fileRef = 3BE57FFA26D9A85E005C242F /* ProfileInfo.swift */; };
		3BE5800126DD5560005C242F /* SignUpFirst.swift in Sources */ = {isa = PBXBuildFile; fileRef = 3BE5800026DD5560005C242F /* SignUpFirst.swift */; };
		3BE61D6F26E08A0D0078C6CF /* ReferralsApi.swift in Sources */ = {isa = PBXBuildFile; fileRef = 3BE61D6E26E08A0D0078C6CF /* ReferralsApi.swift */; };
		3BE61D7226E0B10E0078C6CF /* SPAlert in Frameworks */ = {isa = PBXBuildFile; productRef = 3BE61D7126E0B10E0078C6CF /* SPAlert */; };
		3BF143E626819E480093488D /* NotificationsApi.swift in Sources */ = {isa = PBXBuildFile; fileRef = 3BF143E526819E480093488D /* NotificationsApi.swift */; };
		6509E4FA26D6C214009CB74D /* Ask.swift in Sources */ = {isa = PBXBuildFile; fileRef = 6509E4F926D6C214009CB74D /* Ask.swift */; };
		6523D93426DC1F41007546F5 /* FirebaseFirestore in Frameworks */ = {isa = PBXBuildFile; productRef = 6523D93326DC1F41007546F5 /* FirebaseFirestore */; };
		6523D93626DDEB79007546F5 /* ActivityEvent.swift in Sources */ = {isa = PBXBuildFile; fileRef = 6523D93526DDEB78007546F5 /* ActivityEvent.swift */; };
		6531838126B232640006D9E2 /* Amplitude in Frameworks */ = {isa = PBXBuildFile; productRef = 6531838026B232640006D9E2 /* Amplitude */; };
		6531838326B238AA0006D9E2 /* Analytics.swift in Sources */ = {isa = PBXBuildFile; fileRef = 6531838226B238AA0006D9E2 /* Analytics.swift */; };
		654DA41926BC7BD3002864B8 /* MainViewModel.swift in Sources */ = {isa = PBXBuildFile; fileRef = 654DA41826BC7BD2002864B8 /* MainViewModel.swift */; };
		657F35D626DE1D8D0092A1B2 /* Comment_v2.swift in Sources */ = {isa = PBXBuildFile; fileRef = 657F35D526DE1D8D0092A1B2 /* Comment_v2.swift */; };
		657F35DB26DEA0C00092A1B2 /* Device.swift in Sources */ = {isa = PBXBuildFile; fileRef = 657F35DA26DEA0C00092A1B2 /* Device.swift */; };
		65A9EF9B26DF0B2500E81CBF /* ConnectionsViewModel.swift in Sources */ = {isa = PBXBuildFile; fileRef = 65A9EF9826DF0B2500E81CBF /* ConnectionsViewModel.swift */; };
		65A9EF9C26DF0B2500E81CBF /* ConnectionsApi.swift in Sources */ = {isa = PBXBuildFile; fileRef = 65A9EF9926DF0B2500E81CBF /* ConnectionsApi.swift */; };
		65A9EF9D26DF0B2500E81CBF /* ConnectionsView.swift in Sources */ = {isa = PBXBuildFile; fileRef = 65A9EF9A26DF0B2500E81CBF /* ConnectionsView.swift */; };
		65A9EF9F26DF7C9A00E81CBF /* Referral.swift in Sources */ = {isa = PBXBuildFile; fileRef = 65A9EF9E26DF7C9A00E81CBF /* Referral.swift */; };
/* End PBXBuildFile section */

/* Begin PBXFileReference section */
		151A3C7E26CE049000A39FAF /* NavigationTab.swift */ = {isa = PBXFileReference; lastKnownFileType = sourcecode.swift; path = NavigationTab.swift; sourceTree = "<group>"; };
		151A3C8026CE134A00A39FAF /* FontStyles.swift */ = {isa = PBXFileReference; lastKnownFileType = sourcecode.swift; path = FontStyles.swift; sourceTree = "<group>"; };
		151A3C8226D1B0D200A39FAF /* UserAvatar.swift */ = {isa = PBXFileReference; lastKnownFileType = sourcecode.swift; path = UserAvatar.swift; sourceTree = "<group>"; };
		151A3C8426D1E03E00A39FAF /* FeedToggle.swift */ = {isa = PBXFileReference; lastKnownFileType = sourcecode.swift; path = FeedToggle.swift; sourceTree = "<group>"; };
		151A3C8726D3256F00A39FAF /* HomeFeed.swift */ = {isa = PBXFileReference; lastKnownFileType = sourcecode.swift; path = HomeFeed.swift; sourceTree = "<group>"; };
		151A3C8A26D32F4600A39FAF /* AskCard.swift */ = {isa = PBXFileReference; lastKnownFileType = sourcecode.swift; path = AskCard.swift; sourceTree = "<group>"; };
		151A3C8D26D41B5400A39FAF /* AskCardViewModel.swift */ = {isa = PBXFileReference; lastKnownFileType = sourcecode.swift; path = AskCardViewModel.swift; sourceTree = "<group>"; };
		151A3C9326D5679800A39FAF /* AskDoneToggle.swift */ = {isa = PBXFileReference; lastKnownFileType = sourcecode.swift; path = AskDoneToggle.swift; sourceTree = "<group>"; };
		151A3C9526D567A800A39FAF /* AskDoneToggleViewModel.swift */ = {isa = PBXFileReference; lastKnownFileType = sourcecode.swift; path = AskDoneToggleViewModel.swift; sourceTree = "<group>"; };
		151A3C9726D5B9F000A39FAF /* BodyCell.swift */ = {isa = PBXFileReference; lastKnownFileType = sourcecode.swift; path = BodyCell.swift; sourceTree = "<group>"; };
		151A3C9A26D5BEF000A39FAF /* TimeAgoStamp.swift */ = {isa = PBXFileReference; lastKnownFileType = sourcecode.swift; path = TimeAgoStamp.swift; sourceTree = "<group>"; };
		1524FCC726D753170000629C /* AskMenu.swift */ = {isa = PBXFileReference; fileEncoding = 4; lastKnownFileType = sourcecode.swift; path = AskMenu.swift; sourceTree = "<group>"; };
		1524FCC926D753240000629C /* AskMenuViewModel.swift */ = {isa = PBXFileReference; fileEncoding = 4; lastKnownFileType = sourcecode.swift; path = AskMenuViewModel.swift; sourceTree = "<group>"; };
		1524FCCB26D753310000629C /* FooterCellViewModel.swift */ = {isa = PBXFileReference; fileEncoding = 4; lastKnownFileType = sourcecode.swift; path = FooterCellViewModel.swift; sourceTree = "<group>"; };
		1524FCCC26D753310000629C /* HeaderCellViewModel.swift */ = {isa = PBXFileReference; fileEncoding = 4; lastKnownFileType = sourcecode.swift; path = HeaderCellViewModel.swift; sourceTree = "<group>"; };
		1524FCCE26D753320000629C /* HeaderCell.swift */ = {isa = PBXFileReference; fileEncoding = 4; lastKnownFileType = sourcecode.swift; path = HeaderCell.swift; sourceTree = "<group>"; };
		1524FCD326D754500000629C /* TextCell.swift */ = {isa = PBXFileReference; fileEncoding = 4; lastKnownFileType = sourcecode.swift; name = TextCell.swift; path = wingit4/Screens/Components/Home/TextCell.swift; sourceTree = SOURCE_ROOT; };
		1524FCD726D7545E0000629C /* Connections.swift */ = {isa = PBXFileReference; fileEncoding = 4; lastKnownFileType = sourcecode.swift; name = Connections.swift; path = wingit4/Screens/Components/Profile/Connections.swift; sourceTree = SOURCE_ROOT; };
		1524FCD826D7545F0000629C /* ProfileHeader.swift */ = {isa = PBXFileReference; fileEncoding = 4; lastKnownFileType = sourcecode.swift; name = ProfileHeader.swift; path = wingit4/Screens/Components/Profile/ProfileHeader.swift; sourceTree = SOURCE_ROOT; };
		1524FCE626D759CE0000629C /* FooterCell.swift */ = {isa = PBXFileReference; lastKnownFileType = sourcecode.swift; path = FooterCell.swift; sourceTree = "<group>"; };
		1524FCEC26D75B1D0000629C /* LikeButton.swift */ = {isa = PBXFileReference; fileEncoding = 4; lastKnownFileType = sourcecode.swift; path = LikeButton.swift; sourceTree = "<group>"; };
		1524FCEE26D75B5D0000629C /* CommentButton.swift */ = {isa = PBXFileReference; lastKnownFileType = sourcecode.swift; path = CommentButton.swift; sourceTree = "<group>"; };
		1524FCF026D75F100000629C /* ShareButton.swift */ = {isa = PBXFileReference; lastKnownFileType = sourcecode.swift; path = ShareButton.swift; sourceTree = "<group>"; };
		1524FCF226D75F1E0000629C /* ShareButtonViewModel.swift */ = {isa = PBXFileReference; lastKnownFileType = sourcecode.swift; path = ShareButtonViewModel.swift; sourceTree = "<group>"; };
		1524FCF726D812E70000629C /* CircleLoader.swift */ = {isa = PBXFileReference; lastKnownFileType = sourcecode.swift; path = CircleLoader.swift; sourceTree = "<group>"; };
		156E6AD426D8A0A700690E47 /* NotificationEntry.swift */ = {isa = PBXFileReference; fileEncoding = 4; lastKnownFileType = sourcecode.swift; path = NotificationEntry.swift; sourceTree = "<group>"; };
		156E6AE026D8A13400690E47 /* ProfileView.swift */ = {isa = PBXFileReference; fileEncoding = 4; lastKnownFileType = sourcecode.swift; path = ProfileView.swift; sourceTree = "<group>"; };
		156E6AE126D8A13400690E47 /* UserProfileView.swift */ = {isa = PBXFileReference; fileEncoding = 4; lastKnownFileType = sourcecode.swift; path = UserProfileView.swift; sourceTree = "<group>"; };
		156E6AE226D8A13400690E47 /* UserProfileViewModel.swift */ = {isa = PBXFileReference; fileEncoding = 4; lastKnownFileType = sourcecode.swift; path = UserProfileViewModel.swift; sourceTree = "<group>"; };
		156E6AE326D8A13400690E47 /* ProfileViewModel.swift */ = {isa = PBXFileReference; fileEncoding = 4; lastKnownFileType = sourcecode.swift; path = ProfileViewModel.swift; sourceTree = "<group>"; };
		15DA39B326DC5C620080193E /* AskCardPlaceholder.swift */ = {isa = PBXFileReference; lastKnownFileType = sourcecode.swift; path = AskCardPlaceholder.swift; sourceTree = "<group>"; };
		3B0DFBDD26B78D86008CE0D1 /* UpdatePhotoVM.swift */ = {isa = PBXFileReference; lastKnownFileType = sourcecode.swift; path = UpdatePhotoVM.swift; sourceTree = "<group>"; };
		3B3A880C26E0007A003E780F /* ReferViewModel.swift */ = {isa = PBXFileReference; lastKnownFileType = sourcecode.swift; path = ReferViewModel.swift; sourceTree = "<group>"; };
		3B5BDB50268F82790034B18C /* fetchUser.swift */ = {isa = PBXFileReference; lastKnownFileType = sourcecode.swift; path = fetchUser.swift; sourceTree = "<group>"; };
		3B5BDB57268F94E00034B18C /* ReportModel.swift */ = {isa = PBXFileReference; lastKnownFileType = sourcecode.swift; path = ReportModel.swift; sourceTree = "<group>"; };
		3B5BDB59268F98AC0034B18C /* ReportInput.swift */ = {isa = PBXFileReference; lastKnownFileType = sourcecode.swift; path = ReportInput.swift; sourceTree = "<group>"; };
		3B5BDB5B268F98E70034B18C /* ReportInputViewModel.swift */ = {isa = PBXFileReference; lastKnownFileType = sourcecode.swift; path = ReportInputViewModel.swift; sourceTree = "<group>"; };
		3B5BDB5D268FA1980034B18C /* ReportApi.swift */ = {isa = PBXFileReference; lastKnownFileType = sourcecode.swift; path = ReportApi.swift; sourceTree = "<group>"; };
		3B75E3BA267153BA002F3108 /* wingit4.app */ = {isa = PBXFileReference; explicitFileType = wrapper.application; includeInIndex = 0; path = wingit4.app; sourceTree = BUILT_PRODUCTS_DIR; };
		3B75E3C1267153BA002F3108 /* SigninView.swift */ = {isa = PBXFileReference; lastKnownFileType = sourcecode.swift; path = SigninView.swift; sourceTree = "<group>"; };
		3B75E3C3267153BB002F3108 /* Assets.xcassets */ = {isa = PBXFileReference; lastKnownFileType = folder.assetcatalog; path = Assets.xcassets; sourceTree = "<group>"; };
		3B75E3C6267153BB002F3108 /* Preview Assets.xcassets */ = {isa = PBXFileReference; lastKnownFileType = folder.assetcatalog; path = "Preview Assets.xcassets"; sourceTree = "<group>"; };
		3B75E3CB267153BB002F3108 /* Info.plist */ = {isa = PBXFileReference; lastKnownFileType = text.plist.xml; path = Info.plist; sourceTree = "<group>"; };
		3B75E3D226715C5A002F3108 /* SigninButton.swift */ = {isa = PBXFileReference; lastKnownFileType = sourcecode.swift; path = SigninButton.swift; sourceTree = "<group>"; };
		3B75E3D426715CAC002F3108 /* SignupText.swift */ = {isa = PBXFileReference; lastKnownFileType = sourcecode.swift; path = SignupText.swift; sourceTree = "<group>"; };
		3B75E3D626715CCE002F3108 /* PasswordTextField.swift */ = {isa = PBXFileReference; lastKnownFileType = sourcecode.swift; path = PasswordTextField.swift; sourceTree = "<group>"; };
		3B75E3D826715CDE002F3108 /* EmailTextField.swift */ = {isa = PBXFileReference; lastKnownFileType = sourcecode.swift; path = EmailTextField.swift; sourceTree = "<group>"; };
		3B75E3DA26715D26002F3108 /* Modifiers.swift */ = {isa = PBXFileReference; lastKnownFileType = sourcecode.swift; path = Modifiers.swift; sourceTree = "<group>"; };
		3B75E3DC26716074002F3108 /* Constants.swift */ = {isa = PBXFileReference; lastKnownFileType = sourcecode.swift; path = Constants.swift; sourceTree = "<group>"; };
		3B75E3DE267163A1002F3108 /* SignupView.swift */ = {isa = PBXFileReference; lastKnownFileType = sourcecode.swift; path = SignupView.swift; sourceTree = "<group>"; };
		3B75E3E0267163FC002F3108 /* Signin+HeaderView.swift */ = {isa = PBXFileReference; lastKnownFileType = sourcecode.swift; path = "Signin+HeaderView.swift"; sourceTree = "<group>"; };
		3B75E3E22671657F002F3108 /* NamesTextField.swift */ = {isa = PBXFileReference; lastKnownFileType = sourcecode.swift; path = NamesTextField.swift; sourceTree = "<group>"; };
		3B75E3E426716787002F3108 /* SignupButton.swift */ = {isa = PBXFileReference; lastKnownFileType = sourcecode.swift; path = SignupButton.swift; sourceTree = "<group>"; };
		3B75E3F326716E41002F3108 /* ImagePicker.swift */ = {isa = PBXFileReference; lastKnownFileType = sourcecode.swift; path = ImagePicker.swift; sourceTree = "<group>"; };
		3B7AF02D2671816A003BCCF3 /* User.swift */ = {isa = PBXFileReference; lastKnownFileType = sourcecode.swift; path = User.swift; sourceTree = "<group>"; };
		3B7AF02F26718263003BCCF3 /* Extensions.swift */ = {isa = PBXFileReference; lastKnownFileType = sourcecode.swift; path = Extensions.swift; sourceTree = "<group>"; };
		3B7AF04026718A4D003BCCF3 /* SignupViewModel.swift */ = {isa = PBXFileReference; lastKnownFileType = sourcecode.swift; path = SignupViewModel.swift; sourceTree = "<group>"; };
		3B7AF04226718AF1003BCCF3 /* AuthService.swift */ = {isa = PBXFileReference; lastKnownFileType = sourcecode.swift; path = AuthService.swift; sourceTree = "<group>"; };
		3B7AF04F26718D42003BCCF3 /* StorageService.swift */ = {isa = PBXFileReference; lastKnownFileType = sourcecode.swift; path = StorageService.swift; sourceTree = "<group>"; };
		3B7AF05126719610003BCCF3 /* SigninViewModel.swift */ = {isa = PBXFileReference; lastKnownFileType = sourcecode.swift; path = SigninViewModel.swift; sourceTree = "<group>"; };
		3B7AF053267197BA003BCCF3 /* InitialView.swift */ = {isa = PBXFileReference; lastKnownFileType = sourcecode.swift; path = InitialView.swift; sourceTree = "<group>"; };
		3B7AF055267197EC003BCCF3 /* SessionStore.swift */ = {isa = PBXFileReference; lastKnownFileType = sourcecode.swift; path = SessionStore.swift; sourceTree = "<group>"; };
		3B7AF05726719885003BCCF3 /* MainView.swift */ = {isa = PBXFileReference; lastKnownFileType = sourcecode.swift; path = MainView.swift; sourceTree = "<group>"; };
		3B7AF05926719AB2003BCCF3 /* HomeView.swift */ = {isa = PBXFileReference; lastKnownFileType = sourcecode.swift; path = HomeView.swift; sourceTree = "<group>"; };
		3B7AF06C2671A01B003BCCF3 /* CommentRow.swift */ = {isa = PBXFileReference; lastKnownFileType = sourcecode.swift; path = CommentRow.swift; sourceTree = "<group>"; };
		3B7AF06E2671A03A003BCCF3 /* CommentView.swift */ = {isa = PBXFileReference; lastKnownFileType = sourcecode.swift; path = CommentView.swift; sourceTree = "<group>"; };
		3B7AF0702671A1FC003BCCF3 /* CommentInput.swift */ = {isa = PBXFileReference; lastKnownFileType = sourcecode.swift; path = CommentInput.swift; sourceTree = "<group>"; };
		3B7AF0722671A639003BCCF3 /* SearchView.swift */ = {isa = PBXFileReference; lastKnownFileType = sourcecode.swift; path = SearchView.swift; sourceTree = "<group>"; };
		3B7AF0742671A9C2003BCCF3 /* CameraView.swift */ = {isa = PBXFileReference; lastKnownFileType = sourcecode.swift; path = CameraView.swift; sourceTree = "<group>"; };
		3B7AF0762671B962003BCCF3 /* NotificationView.swift */ = {isa = PBXFileReference; lastKnownFileType = sourcecode.swift; path = NotificationView.swift; sourceTree = "<group>"; };
		3B7AF07E2671BBA8003BCCF3 /* UsersView.swift */ = {isa = PBXFileReference; lastKnownFileType = sourcecode.swift; path = UsersView.swift; sourceTree = "<group>"; };
		3B7AF0802671BBD4003BCCF3 /* MessagesView.swift */ = {isa = PBXFileReference; lastKnownFileType = sourcecode.swift; path = MessagesView.swift; sourceTree = "<group>"; };
		3B7AF0822671BC28003BCCF3 /* ChatView.swift */ = {isa = PBXFileReference; lastKnownFileType = sourcecode.swift; path = ChatView.swift; sourceTree = "<group>"; };
		3B7AF0842671C08F003BCCF3 /* SearchBar.swift */ = {isa = PBXFileReference; lastKnownFileType = sourcecode.swift; path = SearchBar.swift; sourceTree = "<group>"; };
		3B7AF0862671CA69003BCCF3 /* UsersViewModel.swift */ = {isa = PBXFileReference; lastKnownFileType = sourcecode.swift; path = UsersViewModel.swift; sourceTree = "<group>"; };
		3B7AF0882671CB35003BCCF3 /* Api.swift */ = {isa = PBXFileReference; lastKnownFileType = sourcecode.swift; path = Api.swift; sourceTree = "<group>"; };
		3B7AF08A2671CB68003BCCF3 /* UserApi.swift */ = {isa = PBXFileReference; lastKnownFileType = sourcecode.swift; path = UserApi.swift; sourceTree = "<group>"; };
		3B7AF0922671D474003BCCF3 /* CameraViewModel.swift */ = {isa = PBXFileReference; lastKnownFileType = sourcecode.swift; path = CameraViewModel.swift; sourceTree = "<group>"; };
		3B7AF0942671D5FA003BCCF3 /* PostApi.swift */ = {isa = PBXFileReference; lastKnownFileType = sourcecode.swift; path = PostApi.swift; sourceTree = "<group>"; };
		3B7AF0962671D98E003BCCF3 /* Post.swift */ = {isa = PBXFileReference; lastKnownFileType = sourcecode.swift; path = Post.swift; sourceTree = "<group>"; };
		3B7AF09B2671E1DA003BCCF3 /* Selection.swift */ = {isa = PBXFileReference; lastKnownFileType = sourcecode.swift; path = Selection.swift; sourceTree = "<group>"; };
		3B7AF09D2671E3BA003BCCF3 /* GridPosts.swift */ = {isa = PBXFileReference; lastKnownFileType = sourcecode.swift; path = GridPosts.swift; sourceTree = "<group>"; };
		3B7AF09F2671E404003BCCF3 /* ProfileInformation.swift */ = {isa = PBXFileReference; lastKnownFileType = sourcecode.swift; path = ProfileInformation.swift; sourceTree = "<group>"; };
		3B7AF0A12671E416003BCCF3 /* EditProfile.swift */ = {isa = PBXFileReference; lastKnownFileType = sourcecode.swift; path = EditProfile.swift; sourceTree = "<group>"; };
		3B7AF0A42671EA03003BCCF3 /* PostPopularViewModel.swift */ = {isa = PBXFileReference; lastKnownFileType = sourcecode.swift; path = PostPopularViewModel.swift; sourceTree = "<group>"; };
		3B7AF0A62672870F003BCCF3 /* HomeViewModel.swift */ = {isa = PBXFileReference; lastKnownFileType = sourcecode.swift; path = HomeViewModel.swift; sourceTree = "<group>"; };
		3B7AF0AA26729F81003BCCF3 /* CommentInputViewModel.swift */ = {isa = PBXFileReference; lastKnownFileType = sourcecode.swift; path = CommentInputViewModel.swift; sourceTree = "<group>"; };
		3B7AF0AC26729FCC003BCCF3 /* CommentApi.swift */ = {isa = PBXFileReference; lastKnownFileType = sourcecode.swift; path = CommentApi.swift; sourceTree = "<group>"; };
		3B7AF0AE2672A053003BCCF3 /* Comment.swift */ = {isa = PBXFileReference; lastKnownFileType = sourcecode.swift; path = Comment.swift; sourceTree = "<group>"; };
		3B7AF0B02672AB2F003BCCF3 /* CommentViewModel.swift */ = {isa = PBXFileReference; lastKnownFileType = sourcecode.swift; path = CommentViewModel.swift; sourceTree = "<group>"; };
		3B7AF0B22672C04A003BCCF3 /* ChatViewModel.swift */ = {isa = PBXFileReference; lastKnownFileType = sourcecode.swift; path = ChatViewModel.swift; sourceTree = "<group>"; };
		3B7AF0B42672C15A003BCCF3 /* ChatApi.swift */ = {isa = PBXFileReference; lastKnownFileType = sourcecode.swift; path = ChatApi.swift; sourceTree = "<group>"; };
		3B7AF0B62672C21E003BCCF3 /* Chat.swift */ = {isa = PBXFileReference; lastKnownFileType = sourcecode.swift; path = Chat.swift; sourceTree = "<group>"; };
		3B7AF0B82672C29D003BCCF3 /* InboxMessage.swift */ = {isa = PBXFileReference; lastKnownFileType = sourcecode.swift; path = InboxMessage.swift; sourceTree = "<group>"; };
		3B7AF0BA2672CACE003BCCF3 /* MessageViewModel.swift */ = {isa = PBXFileReference; lastKnownFileType = sourcecode.swift; path = MessageViewModel.swift; sourceTree = "<group>"; };
		3B7AF0BE2673EAFB003BCCF3 /* Activity.swift */ = {isa = PBXFileReference; lastKnownFileType = sourcecode.swift; path = Activity.swift; sourceTree = "<group>"; };
		3B7AF0C02673EE2D003BCCF3 /* ActivityViewModel.swift */ = {isa = PBXFileReference; lastKnownFileType = sourcecode.swift; path = ActivityViewModel.swift; sourceTree = "<group>"; };
		3B7AF0C22673EE9F003BCCF3 /* ActivityApi.swift */ = {isa = PBXFileReference; lastKnownFileType = sourcecode.swift; path = ActivityApi.swift; sourceTree = "<group>"; };
		3B86E43D26C998E300F64416 /* ActivityIndicatorView.swift */ = {isa = PBXFileReference; lastKnownFileType = sourcecode.swift; path = ActivityIndicatorView.swift; sourceTree = "<group>"; };
		3B924C9726CB11B300747233 /* LaunchScreen.storyboard */ = {isa = PBXFileReference; lastKnownFileType = file.storyboard; path = LaunchScreen.storyboard; sourceTree = "<group>"; };
		3B928C3A269EA383007A34B8 /* ImageView.swift */ = {isa = PBXFileReference; lastKnownFileType = sourcecode.swift; path = ImageView.swift; sourceTree = "<group>"; };
		3B94FFD42676868200B4CC22 /* BioTextField.swift */ = {isa = PBXFileReference; lastKnownFileType = sourcecode.swift; path = BioTextField.swift; sourceTree = "<group>"; };
		3B96DD6526DF46A500015EED /* ReferButton.swift */ = {isa = PBXFileReference; lastKnownFileType = sourcecode.swift; path = ReferButton.swift; sourceTree = "<group>"; };
		3B96DD6926DF494800015EED /* ReferHeader.swift */ = {isa = PBXFileReference; lastKnownFileType = sourcecode.swift; path = ReferHeader.swift; sourceTree = "<group>"; };
		3B96DD6D26DF4C9E00015EED /* ReferCard.swift */ = {isa = PBXFileReference; lastKnownFileType = sourcecode.swift; path = ReferCard.swift; sourceTree = "<group>"; };
		3B96DD6F26DF5C6000015EED /* ReferConnectionsList.swift */ = {isa = PBXFileReference; lastKnownFileType = sourcecode.swift; path = ReferConnectionsList.swift; sourceTree = "<group>"; };
		3B9774242694FE0000F1EF14 /* alertView.swift */ = {isa = PBXFileReference; lastKnownFileType = sourcecode.swift; path = alertView.swift; sourceTree = "<group>"; };
		3B97807E268158B6009CE037 /* wingit4.entitlements */ = {isa = PBXFileReference; lastKnownFileType = text.plist.entitlements; path = wingit4.entitlements; sourceTree = "<group>"; };
		3BC155AC26D721600069AFD4 /* GoogleService-Info.plist */ = {isa = PBXFileReference; fileEncoding = 4; lastKnownFileType = text.plist.xml; path = "GoogleService-Info.plist"; sourceTree = "<group>"; };
		3BD12F1426C9CA1500E26A87 /* AppDel.swift */ = {isa = PBXFileReference; lastKnownFileType = sourcecode.swift; path = AppDel.swift; sourceTree = "<group>"; };
		3BD604EE26AA1CDE004FFEEC /* DoneCell.swift */ = {isa = PBXFileReference; lastKnownFileType = sourcecode.swift; path = DoneCell.swift; sourceTree = "<group>"; };
		3BD604F226B08CA8004FFEEC /* DoneToggle.swift */ = {isa = PBXFileReference; lastKnownFileType = sourcecode.swift; path = DoneToggle.swift; sourceTree = "<group>"; };
		3BD604F426B0A332004FFEEC /* DoneViewModel.swift */ = {isa = PBXFileReference; lastKnownFileType = sourcecode.swift; path = DoneViewModel.swift; sourceTree = "<group>"; };
		3BD604F626B0A9DD004FFEEC /* DoneView.swift */ = {isa = PBXFileReference; lastKnownFileType = sourcecode.swift; path = DoneView.swift; sourceTree = "<group>"; };
		3BE57FF226D88D8B005C242F /* ProfileSettings.swift */ = {isa = PBXFileReference; lastKnownFileType = sourcecode.swift; path = ProfileSettings.swift; sourceTree = "<group>"; };
		3BE57FF426D89823005C242F /* ProfileDetailView.swift */ = {isa = PBXFileReference; lastKnownFileType = sourcecode.swift; path = ProfileDetailView.swift; sourceTree = "<group>"; };
		3BE57FF626D89994005C242F /* ProfileNavigation.swift */ = {isa = PBXFileReference; lastKnownFileType = sourcecode.swift; path = ProfileNavigation.swift; sourceTree = "<group>"; };
		3BE57FF826D95A34005C242F /* ProfileCard.swift */ = {isa = PBXFileReference; lastKnownFileType = sourcecode.swift; path = ProfileCard.swift; sourceTree = "<group>"; };
		3BE57FFA26D9A85E005C242F /* ProfileInfo.swift */ = {isa = PBXFileReference; lastKnownFileType = sourcecode.swift; path = ProfileInfo.swift; sourceTree = "<group>"; };
		3BE5800026DD5560005C242F /* SignUpFirst.swift */ = {isa = PBXFileReference; lastKnownFileType = sourcecode.swift; path = SignUpFirst.swift; sourceTree = "<group>"; };
		3BE61D6E26E08A0D0078C6CF /* ReferralsApi.swift */ = {isa = PBXFileReference; lastKnownFileType = sourcecode.swift; path = ReferralsApi.swift; sourceTree = "<group>"; };
		3BF143E526819E480093488D /* NotificationsApi.swift */ = {isa = PBXFileReference; lastKnownFileType = sourcecode.swift; path = NotificationsApi.swift; sourceTree = "<group>"; };
		6502C14226C4FF52007C04C9 /* SecretsDebug.xcconfig */ = {isa = PBXFileReference; lastKnownFileType = text.xcconfig; path = SecretsDebug.xcconfig; sourceTree = "<group>"; };
		6502C14326C5024C007C04C9 /* SecretsRelease.xcconfig */ = {isa = PBXFileReference; lastKnownFileType = text.xcconfig; path = SecretsRelease.xcconfig; sourceTree = "<group>"; };
		6509E4F926D6C214009CB74D /* Ask.swift */ = {isa = PBXFileReference; lastKnownFileType = sourcecode.swift; path = Ask.swift; sourceTree = "<group>"; };
		6523D93526DDEB78007546F5 /* ActivityEvent.swift */ = {isa = PBXFileReference; lastKnownFileType = sourcecode.swift; path = ActivityEvent.swift; sourceTree = "<group>"; };
		6531022F26D4CB0B00EEF041 /* GoogleService-Info.plist */ = {isa = PBXFileReference; fileEncoding = 4; lastKnownFileType = text.plist.xml; path = "GoogleService-Info.plist"; sourceTree = "<group>"; };
		6531838226B238AA0006D9E2 /* Analytics.swift */ = {isa = PBXFileReference; lastKnownFileType = sourcecode.swift; path = Analytics.swift; sourceTree = "<group>"; };
		654DA41826BC7BD2002864B8 /* MainViewModel.swift */ = {isa = PBXFileReference; fileEncoding = 4; lastKnownFileType = sourcecode.swift; path = MainViewModel.swift; sourceTree = "<group>"; };
		657F35D526DE1D8D0092A1B2 /* Comment_v2.swift */ = {isa = PBXFileReference; lastKnownFileType = sourcecode.swift; path = Comment_v2.swift; sourceTree = "<group>"; };
		657F35DA26DEA0C00092A1B2 /* Device.swift */ = {isa = PBXFileReference; lastKnownFileType = sourcecode.swift; path = Device.swift; sourceTree = "<group>"; };
		65A9EF9826DF0B2500E81CBF /* ConnectionsViewModel.swift */ = {isa = PBXFileReference; fileEncoding = 4; lastKnownFileType = sourcecode.swift; path = ConnectionsViewModel.swift; sourceTree = "<group>"; };
		65A9EF9926DF0B2500E81CBF /* ConnectionsApi.swift */ = {isa = PBXFileReference; fileEncoding = 4; lastKnownFileType = sourcecode.swift; path = ConnectionsApi.swift; sourceTree = "<group>"; };
		65A9EF9A26DF0B2500E81CBF /* ConnectionsView.swift */ = {isa = PBXFileReference; fileEncoding = 4; lastKnownFileType = sourcecode.swift; path = ConnectionsView.swift; sourceTree = "<group>"; };
		65A9EF9E26DF7C9A00E81CBF /* Referral.swift */ = {isa = PBXFileReference; lastKnownFileType = sourcecode.swift; path = Referral.swift; sourceTree = SOURCE_ROOT; };
/* End PBXFileReference section */

/* Begin PBXFrameworksBuildPhase section */
		3B75E3B7267153BA002F3108 /* Frameworks */ = {
			isa = PBXFrameworksBuildPhase;
			buildActionMask = 2147483647;
			files = (
				3B7AF04E26718C2E003BCCF3 /* FirebaseDatabase in Frameworks */,
				3B7AF04626718C2E003BCCF3 /* FirebaseAnalytics in Frameworks */,
				3B97807D26813BC1009CE037 /* FirebaseMessaging in Frameworks */,
				6523D93426DC1F41007546F5 /* FirebaseFirestore in Frameworks */,
				3B94C37426C311ED00BCCFBA /* FirebaseDynamicLinks in Frameworks */,
				3B7AF04A26718C2E003BCCF3 /* FirebaseAuth in Frameworks */,
				3B7AF0912671D3A3003BCCF3 /* URLImage in Frameworks */,
				3BC155AF26D8245C0069AFD4 /* FirebaseFirestoreSwift-Beta in Frameworks */,
				6531838126B232640006D9E2 /* Amplitude in Frameworks */,
				3BE61D7226E0B10E0078C6CF /* SPAlert in Frameworks */,
				3B7AF04826718C2E003BCCF3 /* FirebaseStorage in Frameworks */,
			);
			runOnlyForDeploymentPostprocessing = 0;
		};
/* End PBXFrameworksBuildPhase section */

/* Begin PBXGroup section */
		151A3C7D26CE047A00A39FAF /* Navigation */ = {
			isa = PBXGroup;
			children = (
				151A3C7E26CE049000A39FAF /* NavigationTab.swift */,
			);
			path = Navigation;
			sourceTree = "<group>";
		};
		151A3C8626D3255C00A39FAF /* Home */ = {
			isa = PBXGroup;
			children = (
				1524FCD326D754500000629C /* TextCell.swift */,
				151A3C8426D1E03E00A39FAF /* FeedToggle.swift */,
				151A3C8726D3256F00A39FAF /* HomeFeed.swift */,
			);
			path = Home;
			sourceTree = "<group>";
		};
		151A3C8926D328F400A39FAF /* Ask */ = {
			isa = PBXGroup;
			children = (
				1524FCEB26D75B1D0000629C /* Actions */,
				151A3C8A26D32F4600A39FAF /* AskCard.swift */,
				151A3C8D26D41B5400A39FAF /* AskCardViewModel.swift */,
				1524FCC726D753170000629C /* AskMenu.swift */,
				1524FCC926D753240000629C /* AskMenuViewModel.swift */,
				151A3C9326D5679800A39FAF /* AskDoneToggle.swift */,
				151A3C9526D567A800A39FAF /* AskDoneToggleViewModel.swift */,
				151A3C9726D5B9F000A39FAF /* BodyCell.swift */,
				1524FCE626D759CE0000629C /* FooterCell.swift */,
				1524FCCB26D753310000629C /* FooterCellViewModel.swift */,
				1524FCCE26D753320000629C /* HeaderCell.swift */,
				1524FCCC26D753310000629C /* HeaderCellViewModel.swift */,
			);
			path = Ask;
			sourceTree = "<group>";
		};
		1524FCEB26D75B1D0000629C /* Actions */ = {
			isa = PBXGroup;
			children = (
				1524FCEC26D75B1D0000629C /* LikeButton.swift */,
				1524FCEE26D75B5D0000629C /* CommentButton.swift */,
				1524FCF026D75F100000629C /* ShareButton.swift */,
				1524FCF226D75F1E0000629C /* ShareButtonViewModel.swift */,
			);
			path = Actions;
			sourceTree = "<group>";
		};
		1524FCF626D812D70000629C /* Loader */ = {
			isa = PBXGroup;
			children = (
				1524FCF726D812E70000629C /* CircleLoader.swift */,
			);
			path = Loader;
			sourceTree = "<group>";
		};
		156E6AD326D8A0A700690E47 /* NotificationActivity */ = {
			isa = PBXGroup;
			children = (
				156E6AD426D8A0A700690E47 /* NotificationEntry.swift */,
				3B96DD6526DF46A500015EED /* ReferButton.swift */,
				3B96DD6F26DF5C6000015EED /* ReferConnectionsList.swift */,
				3B96DD6926DF494800015EED /* ReferHeader.swift */,
				3B96DD6D26DF4C9E00015EED /* ReferCard.swift */,
				3B3A880C26E0007A003E780F /* ReferViewModel.swift */,
			);
			path = NotificationActivity;
			sourceTree = "<group>";
		};
		156E6ADF26D8A13400690E47 /* Profile */ = {
			isa = PBXGroup;
			children = (
				3BE57FF626D89994005C242F /* ProfileNavigation.swift */,
				156E6AE026D8A13400690E47 /* ProfileView.swift */,
				156E6AE126D8A13400690E47 /* UserProfileView.swift */,
				156E6AE226D8A13400690E47 /* UserProfileViewModel.swift */,
				156E6AE326D8A13400690E47 /* ProfileViewModel.swift */,
			);
			path = Profile;
			sourceTree = "<group>";
		};
		15DA39B026DC5C3B0080193E /* Placeholder */ = {
			isa = PBXGroup;
			children = (
				15DA39B326DC5C620080193E /* AskCardPlaceholder.swift */,
			);
			path = Placeholder;
			sourceTree = "<group>";
		};
		3B5BDB56268F92760034B18C /* Report */ = {
			isa = PBXGroup;
			children = (
				3B5BDB59268F98AC0034B18C /* ReportInput.swift */,
				3B5BDB5B268F98E70034B18C /* ReportInputViewModel.swift */,
				3B5BDB57268F94E00034B18C /* ReportModel.swift */,
				3B5BDB5D268FA1980034B18C /* ReportApi.swift */,
			);
			path = Report;
			sourceTree = "<group>";
		};
		3B75E3B1267153BA002F3108 = {
			isa = PBXGroup;
			children = (
				6502C14426C50481007C04C9 /* Config */,
				3B75E3BC267153BA002F3108 /* wingit4 */,
				3B75E3BB267153BA002F3108 /* Products */,
				3B85AB982681206D0036D348 /* Frameworks */,
			);
			sourceTree = "<group>";
		};
		3B75E3BB267153BA002F3108 /* Products */ = {
			isa = PBXGroup;
			children = (
				3B75E3BA267153BA002F3108 /* wingit4.app */,
			);
			name = Products;
			sourceTree = "<group>";
		};
		3B75E3BC267153BA002F3108 /* wingit4 */ = {
			isa = PBXGroup;
			children = (
				3B97807E268158B6009CE037 /* wingit4.entitlements */,
				151A3C8026CE134A00A39FAF /* FontStyles.swift */,
				6531838226B238AA0006D9E2 /* Analytics.swift */,
				3BD12F1426C9CA1500E26A87 /* AppDel.swift */,
				3B86E43D26C998E300F64416 /* ActivityIndicatorView.swift */,
				3B75E3DC26716074002F3108 /* Constants.swift */,
				3B7AF02F26718263003BCCF3 /* Extensions.swift */,
				3B7AF09B2671E1DA003BCCF3 /* Selection.swift */,
				3B7AF053267197BA003BCCF3 /* InitialView.swift */,
				3B7AF05726719885003BCCF3 /* MainView.swift */,
				3B75E3D126715C3A002F3108 /* Components */,
				3B7AF06326719E94003BCCF3 /* Screens */,
				3B7AF06726719EDD003BCCF3 /* Session */,
				3B7AF06626719EC2003BCCF3 /* Api */,
				3B7AF06526719EB7003BCCF3 /* Model */,
				3B7AF06926719EF1003BCCF3 /* UIKit */,
				3B7AF06826719EE7003BCCF3 /* Modifiers */,
				3B7AF06426719EA8003BCCF3 /* ViewModel */,
				3B75E3C3267153BB002F3108 /* Assets.xcassets */,
				653BBDE926D485FA002F6A2E /* Firebase */,
				3B924C9726CB11B300747233 /* LaunchScreen.storyboard */,
				3B75E3CB267153BB002F3108 /* Info.plist */,
				3B75E3C5267153BB002F3108 /* Preview Content */,
			);
			path = wingit4;
			sourceTree = "<group>";
		};
		3B75E3C5267153BB002F3108 /* Preview Content */ = {
			isa = PBXGroup;
			children = (
				3B75E3C6267153BB002F3108 /* Preview Assets.xcassets */,
			);
			path = "Preview Content";
			sourceTree = "<group>";
		};
		3B75E3D126715C3A002F3108 /* Components */ = {
			isa = PBXGroup;
			children = (
				15DA39B026DC5C3B0080193E /* Placeholder */,
				156E6AD326D8A0A700690E47 /* NotificationActivity */,
				1524FCF626D812D70000629C /* Loader */,
				151A3C8926D328F400A39FAF /* Ask */,
				3B7AF06226719E74003BCCF3 /* Auth */,
				3B7AF06A26719F19003BCCF3 /* Auth */,
				151A3C8626D3255C00A39FAF /* Home */,
				151A3C7D26CE047A00A39FAF /* Navigation */,
				3B7AF0A32671E435003BCCF3 /* Profile */,
				3B9774242694FE0000F1EF14 /* alertView.swift */,
				151A3C8226D1B0D200A39FAF /* UserAvatar.swift */,
				151A3C9A26D5BEF000A39FAF /* TimeAgoStamp.swift */,
			);
			path = Components;
			sourceTree = "<group>";
		};
		3B7AF06126719E46003BCCF3 /* Home */ = {
			isa = PBXGroup;
			children = (
				3B7AF05926719AB2003BCCF3 /* HomeView.swift */,
				3B7AF0A62672870F003BCCF3 /* HomeViewModel.swift */,
				3B928C3A269EA383007A34B8 /* ImageView.swift */,
			);
			path = Home;
			sourceTree = "<group>";
		};
		3B7AF06226719E74003BCCF3 /* Auth */ = {
			isa = PBXGroup;
			children = (
				3B75E3D226715C5A002F3108 /* SigninButton.swift */,
				3B75E3E426716787002F3108 /* SignupButton.swift */,
				3B75E3D426715CAC002F3108 /* SignupText.swift */,
				3B75E3D826715CDE002F3108 /* EmailTextField.swift */,
				3B75E3E22671657F002F3108 /* NamesTextField.swift */,
				3B94FFD42676868200B4CC22 /* BioTextField.swift */,
				3B75E3D626715CCE002F3108 /* PasswordTextField.swift */,
				3B75E3E0267163FC002F3108 /* Signin+HeaderView.swift */,
			);
			path = Auth;
			sourceTree = "<group>";
		};
		3B7AF06326719E94003BCCF3 /* Screens */ = {
			isa = PBXGroup;
			children = (
				156E6ADF26D8A13400690E47 /* Profile */,
				3B7AF06126719E46003BCCF3 /* Home */,
				3B7AF06B26719F24003BCCF3 /* Main */,
			);
			path = Screens;
			sourceTree = "<group>";
		};
		3B7AF06426719EA8003BCCF3 /* ViewModel */ = {
			isa = PBXGroup;
			children = (
				3B7AF0C02673EE2D003BCCF3 /* ActivityViewModel.swift */,
				3B7AF0922671D474003BCCF3 /* CameraViewModel.swift */,
				3B7AF0B22672C04A003BCCF3 /* ChatViewModel.swift */,
				65A9EF9826DF0B2500E81CBF /* ConnectionsViewModel.swift */,
				654DA41826BC7BD2002864B8 /* MainViewModel.swift */,
				3B7AF0BA2672CACE003BCCF3 /* MessageViewModel.swift */,
				3B7AF0A42671EA03003BCCF3 /* PostPopularViewModel.swift */,
				3B7AF0862671CA69003BCCF3 /* UsersViewModel.swift */,
			);
			path = ViewModel;
			sourceTree = "<group>";
		};
		3B7AF06526719EB7003BCCF3 /* Model */ = {
			isa = PBXGroup;
			children = (
				3B7AF0BE2673EAFB003BCCF3 /* Activity.swift */,
				6523D93526DDEB78007546F5 /* ActivityEvent.swift */,
				6509E4F926D6C214009CB74D /* Ask.swift */,
				3B7AF0B62672C21E003BCCF3 /* Chat.swift */,
				657F35D526DE1D8D0092A1B2 /* Comment_v2.swift */,
				657F35DA26DEA0C00092A1B2 /* Device.swift */,
				3B7AF0B82672C29D003BCCF3 /* InboxMessage.swift */,
				3B7AF0962671D98E003BCCF3 /* Post.swift */,
				65A9EF9E26DF7C9A00E81CBF /* Referral.swift */,
				3B7AF02D2671816A003BCCF3 /* User.swift */,
			);
			path = Model;
			sourceTree = "<group>";
		};
		3B7AF06626719EC2003BCCF3 /* Api */ = {
			isa = PBXGroup;
			children = (
				3B7AF0882671CB35003BCCF3 /* Api.swift */,
				3B7AF0C22673EE9F003BCCF3 /* ActivityApi.swift */,
				3B7AF04226718AF1003BCCF3 /* AuthService.swift */,
				3B7AF0B42672C15A003BCCF3 /* ChatApi.swift */,
				3B5BDB50268F82790034B18C /* fetchUser.swift */,
				3BF143E526819E480093488D /* NotificationsApi.swift */,
				3B7AF0942671D5FA003BCCF3 /* PostApi.swift */,
				3B7AF04F26718D42003BCCF3 /* StorageService.swift */,
				3B7AF08A2671CB68003BCCF3 /* UserApi.swift */,
				3BE61D6E26E08A0D0078C6CF /* ReferralsApi.swift */,
			);
			path = Api;
			sourceTree = "<group>";
		};
		3B7AF06726719EDD003BCCF3 /* Session */ = {
			isa = PBXGroup;
			children = (
				3B7AF055267197EC003BCCF3 /* SessionStore.swift */,
			);
			path = Session;
			sourceTree = "<group>";
		};
		3B7AF06826719EE7003BCCF3 /* Modifiers */ = {
			isa = PBXGroup;
			children = (
				3B75E3DA26715D26002F3108 /* Modifiers.swift */,
			);
			path = Modifiers;
			sourceTree = "<group>";
		};
		3B7AF06926719EF1003BCCF3 /* UIKit */ = {
			isa = PBXGroup;
			children = (
				3B75E3F326716E41002F3108 /* ImagePicker.swift */,
				3B7AF0842671C08F003BCCF3 /* SearchBar.swift */,
			);
			path = UIKit;
			sourceTree = "<group>";
		};
		3B7AF06A26719F19003BCCF3 /* Auth */ = {
			isa = PBXGroup;
			children = (
				3B75E3C1267153BA002F3108 /* SigninView.swift */,
				3B7AF05126719610003BCCF3 /* SigninViewModel.swift */,
				3B75E3DE267163A1002F3108 /* SignupView.swift */,
				3BE5800026DD5560005C242F /* SignUpFirst.swift */,
				3B7AF04026718A4D003BCCF3 /* SignupViewModel.swift */,
			);
			name = Auth;
			path = ../Screens/Auth;
			sourceTree = "<group>";
		};
		3B7AF06B26719F24003BCCF3 /* Main */ = {
			isa = PBXGroup;
			children = (
				65A9EF9726DF0B2500E81CBF /* Connections */,
				3BD866F326A0916800A49872 /* Comment */,
				3B5BDB56268F92760034B18C /* Report */,
				3B7AF0742671A9C2003BCCF3 /* CameraView.swift */,
				3B7AF0822671BC28003BCCF3 /* ChatView.swift */,
				3B7AF0802671BBD4003BCCF3 /* MessagesView.swift */,
				3B7AF0762671B962003BCCF3 /* NotificationView.swift */,
				3B7AF0722671A639003BCCF3 /* SearchView.swift */,
				3B7AF07E2671BBA8003BCCF3 /* UsersView.swift */,
				3BD604E526A9E37C004FFEEC /* Done */,
			);
			path = Main;
			sourceTree = "<group>";
		};
		3B7AF0A32671E435003BCCF3 /* Profile */ = {
			isa = PBXGroup;
			children = (
				1524FCD726D7545E0000629C /* Connections.swift */,
				1524FCD826D7545F0000629C /* ProfileHeader.swift */,
				3B7AF09F2671E404003BCCF3 /* ProfileInformation.swift */,
				3BE57FFA26D9A85E005C242F /* ProfileInfo.swift */,
				3B0DFBDD26B78D86008CE0D1 /* UpdatePhotoVM.swift */,
				3B7AF09D2671E3BA003BCCF3 /* GridPosts.swift */,
				3B7AF0A12671E416003BCCF3 /* EditProfile.swift */,
				3BE57FF826D95A34005C242F /* ProfileCard.swift */,
				3BE57FF226D88D8B005C242F /* ProfileSettings.swift */,
				3BE57FF426D89823005C242F /* ProfileDetailView.swift */,
			);
			path = Profile;
			sourceTree = "<group>";
		};
		3B85AB982681206D0036D348 /* Frameworks */ = {
			isa = PBXGroup;
			children = (
			);
			name = Frameworks;
			sourceTree = "<group>";
		};
		3BD604E526A9E37C004FFEEC /* Done */ = {
			isa = PBXGroup;
			children = (
				3BD604EE26AA1CDE004FFEEC /* DoneCell.swift */,
				3BD604F226B08CA8004FFEEC /* DoneToggle.swift */,
				3BD604F626B0A9DD004FFEEC /* DoneView.swift */,
				3BD604F426B0A332004FFEEC /* DoneViewModel.swift */,
			);
			path = Done;
			sourceTree = "<group>";
		};
		3BD866F326A0916800A49872 /* Comment */ = {
			isa = PBXGroup;
			children = (
				3B7AF06E2671A03A003BCCF3 /* CommentView.swift */,
				3B7AF06C2671A01B003BCCF3 /* CommentRow.swift */,
				3B7AF0702671A1FC003BCCF3 /* CommentInput.swift */,
				3B7AF0AA26729F81003BCCF3 /* CommentInputViewModel.swift */,
				3B7AF0B02672AB2F003BCCF3 /* CommentViewModel.swift */,
				3B7AF0AC26729FCC003BCCF3 /* CommentApi.swift */,
				3B7AF0AE2672A053003BCCF3 /* Comment.swift */,
			);
			path = Comment;
			sourceTree = "<group>";
		};
		6502C14426C50481007C04C9 /* Config */ = {
			isa = PBXGroup;
			children = (
				6502C14226C4FF52007C04C9 /* SecretsDebug.xcconfig */,
				6502C14326C5024C007C04C9 /* SecretsRelease.xcconfig */,
			);
			path = Config;
			sourceTree = "<group>";
		};
		653BBDE926D485FA002F6A2E /* Firebase */ = {
			isa = PBXGroup;
			children = (
				653BBDEA26D48649002F6A2E /* Dev */,
				653BBDEB26D4864F002F6A2E /* Prod */,
			);
			path = Firebase;
			sourceTree = "<group>";
		};
		653BBDEA26D48649002F6A2E /* Dev */ = {
			isa = PBXGroup;
			children = (
				3BC155AC26D721600069AFD4 /* GoogleService-Info.plist */,
			);
			path = Dev;
			sourceTree = "<group>";
		};
		653BBDEB26D4864F002F6A2E /* Prod */ = {
			isa = PBXGroup;
			children = (
				6531022F26D4CB0B00EEF041 /* GoogleService-Info.plist */,
			);
			path = Prod;
			sourceTree = "<group>";
		};
		65A9EF9726DF0B2500E81CBF /* Connections */ = {
			isa = PBXGroup;
			children = (
				65A9EF9926DF0B2500E81CBF /* ConnectionsApi.swift */,
				65A9EF9A26DF0B2500E81CBF /* ConnectionsView.swift */,
			);
			path = Connections;
			sourceTree = "<group>";
		};
/* End PBXGroup section */

/* Begin PBXNativeTarget section */
		3B75E3B9267153BA002F3108 /* wingit4 */ = {
			isa = PBXNativeTarget;
			buildConfigurationList = 3B75E3CE267153BB002F3108 /* Build configuration list for PBXNativeTarget "wingit4" */;
			buildPhases = (
				3B75E3B6267153BA002F3108 /* Sources */,
				3B75E3B7267153BA002F3108 /* Frameworks */,
				653BBDED26D48956002F6A2E /* Setup Firebase Environment GoogleService-Info.plist */,
				3B75E3B8267153BA002F3108 /* Resources */,
			);
			buildRules = (
			);
			dependencies = (
			);
			name = wingit4;
			packageProductDependencies = (
				3B7AF04526718C2E003BCCF3 /* FirebaseAnalytics */,
				3B7AF04726718C2E003BCCF3 /* FirebaseStorage */,
				3B7AF04926718C2E003BCCF3 /* FirebaseAuth */,
				3B7AF04D26718C2E003BCCF3 /* FirebaseDatabase */,
				3B7AF0902671D3A3003BCCF3 /* URLImage */,
				3B97807C26813BC1009CE037 /* FirebaseMessaging */,
				6531838026B232640006D9E2 /* Amplitude */,
				3B94C37326C311ED00BCCFBA /* FirebaseDynamicLinks */,
				3BC155AE26D8245C0069AFD4 /* FirebaseFirestoreSwift-Beta */,
				6523D93326DC1F41007546F5 /* FirebaseFirestore */,
				3BE61D7126E0B10E0078C6CF /* SPAlert */,
			);
			productName = wingit4;
			productReference = 3B75E3BA267153BA002F3108 /* wingit4.app */;
			productType = "com.apple.product-type.application";
		};
/* End PBXNativeTarget section */

/* Begin PBXProject section */
		3B75E3B2267153BA002F3108 /* Project object */ = {
			isa = PBXProject;
			attributes = {
				LastSwiftUpdateCheck = 1250;
				LastUpgradeCheck = 1250;
				TargetAttributes = {
					3B75E3B9267153BA002F3108 = {
						CreatedOnToolsVersion = 12.5;
					};
				};
			};
			buildConfigurationList = 3B75E3B5267153BA002F3108 /* Build configuration list for PBXProject "wingit4" */;
			compatibilityVersion = "Xcode 9.3";
			developmentRegion = en;
			hasScannedForEncodings = 0;
			knownRegions = (
				en,
				Base,
			);
			mainGroup = 3B75E3B1267153BA002F3108;
			packageReferences = (
				3B7AF04426718C2E003BCCF3 /* XCRemoteSwiftPackageReference "firebase-ios-sdk" */,
				3B7AF08F2671D3A3003BCCF3 /* XCRemoteSwiftPackageReference "url-image" */,
				6531837F26B232640006D9E2 /* XCRemoteSwiftPackageReference "Amplitude-iOS" */,
				3BE61D7026E0B10E0078C6CF /* XCRemoteSwiftPackageReference "SPAlert" */,
			);
			productRefGroup = 3B75E3BB267153BA002F3108 /* Products */;
			projectDirPath = "";
			projectRoot = "";
			targets = (
				3B75E3B9267153BA002F3108 /* wingit4 */,
			);
		};
/* End PBXProject section */

/* Begin PBXResourcesBuildPhase section */
		3B75E3B8267153BA002F3108 /* Resources */ = {
			isa = PBXResourcesBuildPhase;
			buildActionMask = 2147483647;
			files = (
				3B75E3C7267153BB002F3108 /* Preview Assets.xcassets in Resources */,
				3BC155AD26D721600069AFD4 /* GoogleService-Info.plist in Resources */,
				3B924C9826CB11B300747233 /* LaunchScreen.storyboard in Resources */,
				3B75E3C4267153BB002F3108 /* Assets.xcassets in Resources */,
			);
			runOnlyForDeploymentPostprocessing = 0;
		};
/* End PBXResourcesBuildPhase section */

/* Begin PBXShellScriptBuildPhase section */
		653BBDED26D48956002F6A2E /* Setup Firebase Environment GoogleService-Info.plist */ = {
			isa = PBXShellScriptBuildPhase;
			buildActionMask = 2147483647;
			files = (
			);
			inputFileListPaths = (
			);
			inputPaths = (
			);
			name = "Setup Firebase Environment GoogleService-Info.plist";
			outputFileListPaths = (
			);
			outputPaths = (
			);
			runOnlyForDeploymentPostprocessing = 0;
			shellPath = /bin/sh;
			shellScript = "# Name of the resource we're selectively copying\nGOOGLESERVICE_INFO_PLIST=GoogleService-Info.plist\n\n# Get references to dev and prod versions of the GoogleService-Info.plist\n# NOTE: These should only live on the file system and should NOT be part of the target (since we'll be adding them to the target manually)\nGOOGLESERVICE_INFO_DEV=${PROJECT_DIR}/${TARGET_NAME}/Firebase/Dev/${GOOGLESERVICE_INFO_PLIST}\nGOOGLESERVICE_INFO_PROD=${PROJECT_DIR}/${TARGET_NAME}/Firebase/Prod/${GOOGLESERVICE_INFO_PLIST}\n\n# Make sure the dev version of GoogleService-Info.plist exists\necho \"Looking for ${GOOGLESERVICE_INFO_PLIST} in ${GOOGLESERVICE_INFO_DEV}\"\nif [ ! -f $GOOGLESERVICE_INFO_DEV ]\nthen\n    echo \"No Development GoogleService-Info.plist found. Please ensure it's in the proper directory.\"\n    exit 1\nfi\n\n# Make sure the prod version of GoogleService-Info.plist exists\necho \"Looking for ${GOOGLESERVICE_INFO_PLIST} in ${GOOGLESERVICE_INFO_PROD}\"\nif [ ! -f $GOOGLESERVICE_INFO_PROD ]\nthen\n    echo \"No Production GoogleService-Info.plist found. Please ensure it's in the proper directory.\"\n    exit 1\nfi\n\n# Get a reference to the destination location for the GoogleService-Info.plist\nPLIST_DESTINATION=${BUILT_PRODUCTS_DIR}/${PRODUCT_NAME}.app\necho \"Will copy ${GOOGLESERVICE_INFO_PLIST} to final destination: ${PLIST_DESTINATION}\"\n\n# Copy over the prod GoogleService-Info.plist for Release builds\nif [ \"${CONFIGURATION}\" == \"Release\" ]\nthen\n    echo \"Using ${GOOGLESERVICE_INFO_PROD}\"\n    cp \"${GOOGLESERVICE_INFO_PROD}\" \"${PLIST_DESTINATION}\"\nelse\n    echo \"Using ${GOOGLESERVICE_INFO_DEV}\"\n    cp \"${GOOGLESERVICE_INFO_DEV}\" \"${PLIST_DESTINATION}\"\nfi\n";
		};
/* End PBXShellScriptBuildPhase section */

/* Begin PBXSourcesBuildPhase section */
		3B75E3B6267153BA002F3108 /* Sources */ = {
			isa = PBXSourcesBuildPhase;
			buildActionMask = 2147483647;
			files = (
				3B7AF09C2671E1DA003BCCF3 /* Selection.swift in Sources */,
				6531838326B238AA0006D9E2 /* Analytics.swift in Sources */,
				3BE61D6F26E08A0D0078C6CF /* ReferralsApi.swift in Sources */,
				3B7AF04126718A4D003BCCF3 /* SignupViewModel.swift in Sources */,
				3B75E3D526715CAC002F3108 /* SignupText.swift in Sources */,
				65A9EF9B26DF0B2500E81CBF /* ConnectionsViewModel.swift in Sources */,
				3BD604F726B0A9DD004FFEEC /* DoneView.swift in Sources */,
				3B96DD6A26DF494800015EED /* ReferHeader.swift in Sources */,
				3BE57FF526D89823005C242F /* ProfileDetailView.swift in Sources */,
				151A3C8326D1B0D200A39FAF /* UserAvatar.swift in Sources */,
				3BE57FF926D95A34005C242F /* ProfileCard.swift in Sources */,
				151A3C8526D1E03E00A39FAF /* FeedToggle.swift in Sources */,
				3B7AF04326718AF1003BCCF3 /* AuthService.swift in Sources */,
				3B7AF0B12672AB2F003BCCF3 /* CommentViewModel.swift in Sources */,
				3B7AF08B2671CB68003BCCF3 /* UserApi.swift in Sources */,
				3B7AF05226719610003BCCF3 /* SigninViewModel.swift in Sources */,
				1524FCD026D753320000629C /* HeaderCellViewModel.swift in Sources */,
				3B75E3D926715CDE002F3108 /* EmailTextField.swift in Sources */,
				3B7AF06F2671A03A003BCCF3 /* CommentView.swift in Sources */,
				1524FCF326D75F1F0000629C /* ShareButtonViewModel.swift in Sources */,
				3B7AF05026718D42003BCCF3 /* StorageService.swift in Sources */,
				3B7AF0B32672C04A003BCCF3 /* ChatViewModel.swift in Sources */,
				3B75E3F426716E41002F3108 /* ImagePicker.swift in Sources */,
				3B75E3D726715CCE002F3108 /* PasswordTextField.swift in Sources */,
				3B7AF0892671CB35003BCCF3 /* Api.swift in Sources */,
				3B7AF0A22671E416003BCCF3 /* EditProfile.swift in Sources */,
				3B7AF0AF2672A053003BCCF3 /* Comment.swift in Sources */,
				3B7AF0A72672870F003BCCF3 /* HomeViewModel.swift in Sources */,
				3B96DD7026DF5C6000015EED /* ReferConnectionsList.swift in Sources */,
				1524FCCF26D753320000629C /* FooterCellViewModel.swift in Sources */,
				6523D93626DDEB79007546F5 /* ActivityEvent.swift in Sources */,
				65A9EF9F26DF7C9A00E81CBF /* Referral.swift in Sources */,
				3B3A880D26E0007A003E780F /* ReferViewModel.swift in Sources */,
				3B94FFD52676868200B4CC22 /* BioTextField.swift in Sources */,
				3B5BDB51268F82790034B18C /* fetchUser.swift in Sources */,
				3B5BDB58268F94E00034B18C /* ReportModel.swift in Sources */,
				3B7AF0B92672C29D003BCCF3 /* InboxMessage.swift in Sources */,
				1524FCE726D759CE0000629C /* FooterCell.swift in Sources */,
				151A3C8826D3256F00A39FAF /* HomeFeed.swift in Sources */,
				3B7AF0872671CA69003BCCF3 /* UsersViewModel.swift in Sources */,
				156E6AE626D8A13400690E47 /* UserProfileViewModel.swift in Sources */,
				3BD12F1526C9CA1500E26A87 /* AppDel.swift in Sources */,
				1524FCF826D812E70000629C /* CircleLoader.swift in Sources */,
				3B75E3DF267163A1002F3108 /* SignupView.swift in Sources */,
				3B75E3E1267163FC002F3108 /* Signin+HeaderView.swift in Sources */,
				3B96DD6E26DF4C9E00015EED /* ReferCard.swift in Sources */,
				3B7AF0772671B962003BCCF3 /* NotificationView.swift in Sources */,
				151A3C8E26D41B5400A39FAF /* AskCardViewModel.swift in Sources */,
				3B75E3DB26715D26002F3108 /* Modifiers.swift in Sources */,
				3BF143E626819E480093488D /* NotificationsApi.swift in Sources */,
				156E6AD526D8A0A700690E47 /* NotificationEntry.swift in Sources */,
				151A3C9826D5B9F000A39FAF /* BodyCell.swift in Sources */,
				3B5BDB5C268F98E70034B18C /* ReportInputViewModel.swift in Sources */,
				1524FCD226D753320000629C /* HeaderCell.swift in Sources */,
				65A9EF9C26DF0B2500E81CBF /* ConnectionsApi.swift in Sources */,
				3B7AF0752671A9C2003BCCF3 /* CameraView.swift in Sources */,
				151A3C8126CE134A00A39FAF /* FontStyles.swift in Sources */,
				3B7AF0732671A639003BCCF3 /* SearchView.swift in Sources */,
				3BD604EF26AA1CDE004FFEEC /* DoneCell.swift in Sources */,
				3B7AF0A02671E404003BCCF3 /* ProfileInformation.swift in Sources */,
				3B7AF0C12673EE2E003BCCF3 /* ActivityViewModel.swift in Sources */,
				3B7AF07F2671BBA8003BCCF3 /* UsersView.swift in Sources */,
				3B7AF0832671BC28003BCCF3 /* ChatView.swift in Sources */,
				151A3C9626D567A800A39FAF /* AskDoneToggleViewModel.swift in Sources */,
				3B7AF054267197BA003BCCF3 /* InitialView.swift in Sources */,
				654DA41926BC7BD3002864B8 /* MainViewModel.swift in Sources */,
				3BD604F326B08CA8004FFEEC /* DoneToggle.swift in Sources */,
				65A9EF9D26DF0B2500E81CBF /* ConnectionsView.swift in Sources */,
				156E6AE526D8A13400690E47 /* UserProfileView.swift in Sources */,
				3B7AF0952671D5FA003BCCF3 /* PostApi.swift in Sources */,
				3B7AF0712671A1FC003BCCF3 /* CommentInput.swift in Sources */,
				151A3C7F26CE049000A39FAF /* NavigationTab.swift in Sources */,
				3B9774252694FE0000F1EF14 /* alertView.swift in Sources */,
				3B7AF0AB26729F81003BCCF3 /* CommentInputViewModel.swift in Sources */,
				3B96DD6626DF46A500015EED /* ReferButton.swift in Sources */,
				3B7AF0812671BBD4003BCCF3 /* MessagesView.swift in Sources */,
				3B5BDB5A268F98AC0034B18C /* ReportInput.swift in Sources */,
				151A3C8B26D32F4600A39FAF /* AskCard.swift in Sources */,
				1524FCED26D75B1D0000629C /* LikeButton.swift in Sources */,
				3B7AF02E2671816A003BCCF3 /* User.swift in Sources */,
				1524FCF126D75F100000629C /* ShareButton.swift in Sources */,
				1524FCEF26D75B5D0000629C /* CommentButton.swift in Sources */,
				3B75E3D326715C5A002F3108 /* SigninButton.swift in Sources */,
				1524FCD926D7545F0000629C /* Connections.swift in Sources */,
				657F35D626DE1D8D0092A1B2 /* Comment_v2.swift in Sources */,
				3B7AF0932671D474003BCCF3 /* CameraViewModel.swift in Sources */,
				657F35DB26DEA0C00092A1B2 /* Device.swift in Sources */,
				3B75E3E526716787002F3108 /* SignupButton.swift in Sources */,
				3BE57FFB26D9A85E005C242F /* ProfileInfo.swift in Sources */,
				3BE5800126DD5560005C242F /* SignUpFirst.swift in Sources */,
				3B7AF03026718263003BCCF3 /* Extensions.swift in Sources */,
				6509E4FA26D6C214009CB74D /* Ask.swift in Sources */,
				3B75E3C2267153BA002F3108 /* SigninView.swift in Sources */,
				3B7AF0972671D98E003BCCF3 /* Post.swift in Sources */,
				3B7AF0BB2672CACE003BCCF3 /* MessageViewModel.swift in Sources */,
				3BE57FF326D88D8B005C242F /* ProfileSettings.swift in Sources */,
				3B7AF0B52672C15A003BCCF3 /* ChatApi.swift in Sources */,
				1524FCD526D754500000629C /* TextCell.swift in Sources */,
				3B7AF0BF2673EAFB003BCCF3 /* Activity.swift in Sources */,
				3BE57FF726D89994005C242F /* ProfileNavigation.swift in Sources */,
				3B7AF05826719885003BCCF3 /* MainView.swift in Sources */,
				156E6AE726D8A13400690E47 /* ProfileViewModel.swift in Sources */,
				3B75E3DD26716074002F3108 /* Constants.swift in Sources */,
				156E6AE426D8A13400690E47 /* ProfileView.swift in Sources */,
				1524FCCA26D753240000629C /* AskMenuViewModel.swift in Sources */,
				3BD604F526B0A332004FFEEC /* DoneViewModel.swift in Sources */,
				3B5BDB5E268FA1980034B18C /* ReportApi.swift in Sources */,
				3B7AF0AD26729FCC003BCCF3 /* CommentApi.swift in Sources */,
				3B86E43E26C998E300F64416 /* ActivityIndicatorView.swift in Sources */,
				3B7AF05A26719AB2003BCCF3 /* HomeView.swift in Sources */,
				15DA39B426DC5C620080193E /* AskCardPlaceholder.swift in Sources */,
				3B7AF0A52671EA03003BCCF3 /* PostPopularViewModel.swift in Sources */,
				3B7AF0B72672C21F003BCCF3 /* Chat.swift in Sources */,
				3B7AF056267197EC003BCCF3 /* SessionStore.swift in Sources */,
				1524FCC826D753170000629C /* AskMenu.swift in Sources */,
				3B7AF0852671C08F003BCCF3 /* SearchBar.swift in Sources */,
				1524FCDA26D7545F0000629C /* ProfileHeader.swift in Sources */,
				3B7AF09E2671E3BA003BCCF3 /* GridPosts.swift in Sources */,
				3B7AF0C32673EEA0003BCCF3 /* ActivityApi.swift in Sources */,
				3B928C3B269EA383007A34B8 /* ImageView.swift in Sources */,
				151A3C9426D5679800A39FAF /* AskDoneToggle.swift in Sources */,
				3B7AF06D2671A01B003BCCF3 /* CommentRow.swift in Sources */,
				3B0DFBDE26B78D86008CE0D1 /* UpdatePhotoVM.swift in Sources */,
				3B75E3E32671657F002F3108 /* NamesTextField.swift in Sources */,
				151A3C9B26D5BEF000A39FAF /* TimeAgoStamp.swift in Sources */,
				3B75E3E32671657F002F3108 /* NamesTextField.swift in Sources */,
				151A3C9B26D5BEF000A39FAF /* TimeAgoStamp.swift in Sources */,
			);
			runOnlyForDeploymentPostprocessing = 0;
		};
/* End PBXSourcesBuildPhase section */

/* Begin XCBuildConfiguration section */
		3B75E3CC267153BB002F3108 /* Debug */ = {
			isa = XCBuildConfiguration;
			baseConfigurationReference = 6502C14226C4FF52007C04C9 /* SecretsDebug.xcconfig */;
			buildSettings = {
				ALWAYS_SEARCH_USER_PATHS = NO;
				CLANG_ANALYZER_NONNULL = YES;
				CLANG_ANALYZER_NUMBER_OBJECT_CONVERSION = YES_AGGRESSIVE;
				CLANG_CXX_LANGUAGE_STANDARD = "gnu++14";
				CLANG_CXX_LIBRARY = "libc++";
				CLANG_ENABLE_MODULES = YES;
				CLANG_ENABLE_OBJC_ARC = YES;
				CLANG_ENABLE_OBJC_WEAK = YES;
				CLANG_WARN_BLOCK_CAPTURE_AUTORELEASING = YES;
				CLANG_WARN_BOOL_CONVERSION = YES;
				CLANG_WARN_COMMA = YES;
				CLANG_WARN_CONSTANT_CONVERSION = YES;
				CLANG_WARN_DEPRECATED_OBJC_IMPLEMENTATIONS = YES;
				CLANG_WARN_DIRECT_OBJC_ISA_USAGE = YES_ERROR;
				CLANG_WARN_DOCUMENTATION_COMMENTS = YES;
				CLANG_WARN_EMPTY_BODY = YES;
				CLANG_WARN_ENUM_CONVERSION = YES;
				CLANG_WARN_INFINITE_RECURSION = YES;
				CLANG_WARN_INT_CONVERSION = YES;
				CLANG_WARN_NON_LITERAL_NULL_CONVERSION = YES;
				CLANG_WARN_OBJC_IMPLICIT_RETAIN_SELF = YES;
				CLANG_WARN_OBJC_LITERAL_CONVERSION = YES;
				CLANG_WARN_OBJC_ROOT_CLASS = YES_ERROR;
				CLANG_WARN_QUOTED_INCLUDE_IN_FRAMEWORK_HEADER = YES;
				CLANG_WARN_RANGE_LOOP_ANALYSIS = YES;
				CLANG_WARN_STRICT_PROTOTYPES = YES;
				CLANG_WARN_SUSPICIOUS_MOVE = YES;
				CLANG_WARN_UNGUARDED_AVAILABILITY = YES_AGGRESSIVE;
				CLANG_WARN_UNREACHABLE_CODE = YES;
				CLANG_WARN__DUPLICATE_METHOD_MATCH = YES;
				COPY_PHASE_STRIP = NO;
				DEBUG_INFORMATION_FORMAT = dwarf;
				ENABLE_STRICT_OBJC_MSGSEND = YES;
				ENABLE_TESTABILITY = YES;
				GCC_C_LANGUAGE_STANDARD = gnu11;
				GCC_DYNAMIC_NO_PIC = NO;
				GCC_NO_COMMON_BLOCKS = YES;
				GCC_OPTIMIZATION_LEVEL = 0;
				GCC_PREPROCESSOR_DEFINITIONS = (
					"DEBUG=1",
					"$(inherited)",
				);
				GCC_WARN_64_TO_32_BIT_CONVERSION = YES;
				GCC_WARN_ABOUT_RETURN_TYPE = YES_ERROR;
				GCC_WARN_UNDECLARED_SELECTOR = YES;
				GCC_WARN_UNINITIALIZED_AUTOS = YES_AGGRESSIVE;
				GCC_WARN_UNUSED_FUNCTION = YES;
				GCC_WARN_UNUSED_VARIABLE = YES;
				IPHONEOS_DEPLOYMENT_TARGET = 14.5;
				MTL_ENABLE_DEBUG_INFO = INCLUDE_SOURCE;
				MTL_FAST_MATH = YES;
				ONLY_ACTIVE_ARCH = YES;
				SDKROOT = iphoneos;
				SWIFT_ACTIVE_COMPILATION_CONDITIONS = DEBUG;
				SWIFT_OPTIMIZATION_LEVEL = "-Onone";
			};
			name = Debug;
		};
		3B75E3CD267153BB002F3108 /* Release */ = {
			isa = XCBuildConfiguration;
			baseConfigurationReference = 6502C14326C5024C007C04C9 /* SecretsRelease.xcconfig */;
			buildSettings = {
				ALWAYS_SEARCH_USER_PATHS = NO;
				CLANG_ANALYZER_NONNULL = YES;
				CLANG_ANALYZER_NUMBER_OBJECT_CONVERSION = YES_AGGRESSIVE;
				CLANG_CXX_LANGUAGE_STANDARD = "gnu++14";
				CLANG_CXX_LIBRARY = "libc++";
				CLANG_ENABLE_MODULES = YES;
				CLANG_ENABLE_OBJC_ARC = YES;
				CLANG_ENABLE_OBJC_WEAK = YES;
				CLANG_WARN_BLOCK_CAPTURE_AUTORELEASING = YES;
				CLANG_WARN_BOOL_CONVERSION = YES;
				CLANG_WARN_COMMA = YES;
				CLANG_WARN_CONSTANT_CONVERSION = YES;
				CLANG_WARN_DEPRECATED_OBJC_IMPLEMENTATIONS = YES;
				CLANG_WARN_DIRECT_OBJC_ISA_USAGE = YES_ERROR;
				CLANG_WARN_DOCUMENTATION_COMMENTS = YES;
				CLANG_WARN_EMPTY_BODY = YES;
				CLANG_WARN_ENUM_CONVERSION = YES;
				CLANG_WARN_INFINITE_RECURSION = YES;
				CLANG_WARN_INT_CONVERSION = YES;
				CLANG_WARN_NON_LITERAL_NULL_CONVERSION = YES;
				CLANG_WARN_OBJC_IMPLICIT_RETAIN_SELF = YES;
				CLANG_WARN_OBJC_LITERAL_CONVERSION = YES;
				CLANG_WARN_OBJC_ROOT_CLASS = YES_ERROR;
				CLANG_WARN_QUOTED_INCLUDE_IN_FRAMEWORK_HEADER = YES;
				CLANG_WARN_RANGE_LOOP_ANALYSIS = YES;
				CLANG_WARN_STRICT_PROTOTYPES = YES;
				CLANG_WARN_SUSPICIOUS_MOVE = YES;
				CLANG_WARN_UNGUARDED_AVAILABILITY = YES_AGGRESSIVE;
				CLANG_WARN_UNREACHABLE_CODE = YES;
				CLANG_WARN__DUPLICATE_METHOD_MATCH = YES;
				COPY_PHASE_STRIP = NO;
				DEBUG_INFORMATION_FORMAT = "dwarf-with-dsym";
				ENABLE_NS_ASSERTIONS = NO;
				ENABLE_STRICT_OBJC_MSGSEND = YES;
				GCC_C_LANGUAGE_STANDARD = gnu11;
				GCC_NO_COMMON_BLOCKS = YES;
				GCC_WARN_64_TO_32_BIT_CONVERSION = YES;
				GCC_WARN_ABOUT_RETURN_TYPE = YES_ERROR;
				GCC_WARN_UNDECLARED_SELECTOR = YES;
				GCC_WARN_UNINITIALIZED_AUTOS = YES_AGGRESSIVE;
				GCC_WARN_UNUSED_FUNCTION = YES;
				GCC_WARN_UNUSED_VARIABLE = YES;
				IPHONEOS_DEPLOYMENT_TARGET = 14.5;
				MTL_ENABLE_DEBUG_INFO = NO;
				MTL_FAST_MATH = YES;
				SDKROOT = iphoneos;
				SWIFT_COMPILATION_MODE = wholemodule;
				SWIFT_OPTIMIZATION_LEVEL = "-O";
				VALIDATE_PRODUCT = YES;
			};
			name = Release;
		};
		3B75E3CF267153BB002F3108 /* Debug */ = {
			isa = XCBuildConfiguration;
			buildSettings = {
				ASSETCATALOG_COMPILER_APPICON_NAME = AppIcon;
				ASSETCATALOG_COMPILER_GLOBAL_ACCENT_COLOR_NAME = AccentColor;
				CODE_SIGN_ENTITLEMENTS = wingit4/wingit4.entitlements;
				CODE_SIGN_STYLE = Automatic;
				DEVELOPMENT_ASSET_PATHS = "\"wingit4/Preview Content\"";
				DEVELOPMENT_TEAM = 3SVL69K5UG;
				ENABLE_PREVIEWS = YES;
				INFOPLIST_FILE = wingit4/Info.plist;
				LD_RUNPATH_SEARCH_PATHS = (
					"$(inherited)",
					"@executable_path/Frameworks",
				);
				MARKETING_VERSION = 1.3.10;
				PRODUCT_BUNDLE_IDENTIFIER = co.wingitapp.wingit4;
				PRODUCT_NAME = "$(TARGET_NAME)";
				SWIFT_VERSION = 5.0;
				TARGETED_DEVICE_FAMILY = "1,2";
			};
			name = Debug;
		};
		3B75E3D0267153BB002F3108 /* Release */ = {
			isa = XCBuildConfiguration;
			buildSettings = {
				ASSETCATALOG_COMPILER_APPICON_NAME = AppIcon;
				ASSETCATALOG_COMPILER_GLOBAL_ACCENT_COLOR_NAME = AccentColor;
				CODE_SIGN_ENTITLEMENTS = wingit4/wingit4.entitlements;
				CODE_SIGN_STYLE = Automatic;
				DEVELOPMENT_ASSET_PATHS = "\"wingit4/Preview Content\"";
				DEVELOPMENT_TEAM = 3SVL69K5UG;
				ENABLE_PREVIEWS = YES;
				INFOPLIST_FILE = wingit4/Info.plist;
				LD_RUNPATH_SEARCH_PATHS = (
					"$(inherited)",
					"@executable_path/Frameworks",
				);
				MARKETING_VERSION = 1.3.10;
				PRODUCT_BUNDLE_IDENTIFIER = co.wingitapp.wingit4;
				PRODUCT_NAME = "$(TARGET_NAME)";
				SWIFT_VERSION = 5.0;
				TARGETED_DEVICE_FAMILY = "1,2";
			};
			name = Release;
		};
/* End XCBuildConfiguration section */

/* Begin XCConfigurationList section */
		3B75E3B5267153BA002F3108 /* Build configuration list for PBXProject "wingit4" */ = {
			isa = XCConfigurationList;
			buildConfigurations = (
				3B75E3CC267153BB002F3108 /* Debug */,
				3B75E3CD267153BB002F3108 /* Release */,
			);
			defaultConfigurationIsVisible = 0;
			defaultConfigurationName = Release;
		};
		3B75E3CE267153BB002F3108 /* Build configuration list for PBXNativeTarget "wingit4" */ = {
			isa = XCConfigurationList;
			buildConfigurations = (
				3B75E3CF267153BB002F3108 /* Debug */,
				3B75E3D0267153BB002F3108 /* Release */,
			);
			defaultConfigurationIsVisible = 0;
			defaultConfigurationName = Release;
		};
/* End XCConfigurationList section */

/* Begin XCRemoteSwiftPackageReference section */
		3B7AF04426718C2E003BCCF3 /* XCRemoteSwiftPackageReference "firebase-ios-sdk" */ = {
			isa = XCRemoteSwiftPackageReference;
			repositoryURL = "https://github.com/firebase/firebase-ios-sdk.git";
			requirement = {
				kind = upToNextMajorVersion;
				minimumVersion = 8.1.0;
			};
		};
		3B7AF08F2671D3A3003BCCF3 /* XCRemoteSwiftPackageReference "url-image" */ = {
			isa = XCRemoteSwiftPackageReference;
			repositoryURL = "https://github.com/dmytro-anokhin/url-image";
			requirement = {
				kind = exactVersion;
				version = 0.9.19;
			};
		};
		3BE61D7026E0B10E0078C6CF /* XCRemoteSwiftPackageReference "SPAlert" */ = {
			isa = XCRemoteSwiftPackageReference;
			repositoryURL = "https://github.com/ivanvorobei/SPAlert";
			requirement = {
				kind = upToNextMajorVersion;
				minimumVersion = 3.3.1;
			};
		};
		6531837F26B232640006D9E2 /* XCRemoteSwiftPackageReference "Amplitude-iOS" */ = {
			isa = XCRemoteSwiftPackageReference;
			repositoryURL = "https://github.com/amplitude/Amplitude-iOS";
			requirement = {
				kind = upToNextMajorVersion;
				minimumVersion = 8.3.0;
			};
		};
/* End XCRemoteSwiftPackageReference section */

/* Begin XCSwiftPackageProductDependency section */
		3B7AF04526718C2E003BCCF3 /* FirebaseAnalytics */ = {
			isa = XCSwiftPackageProductDependency;
			package = 3B7AF04426718C2E003BCCF3 /* XCRemoteSwiftPackageReference "firebase-ios-sdk" */;
			productName = FirebaseAnalytics;
		};
		3B7AF04726718C2E003BCCF3 /* FirebaseStorage */ = {
			isa = XCSwiftPackageProductDependency;
			package = 3B7AF04426718C2E003BCCF3 /* XCRemoteSwiftPackageReference "firebase-ios-sdk" */;
			productName = FirebaseStorage;
		};
		3B7AF04926718C2E003BCCF3 /* FirebaseAuth */ = {
			isa = XCSwiftPackageProductDependency;
			package = 3B7AF04426718C2E003BCCF3 /* XCRemoteSwiftPackageReference "firebase-ios-sdk" */;
			productName = FirebaseAuth;
		};
		3B7AF04D26718C2E003BCCF3 /* FirebaseDatabase */ = {
			isa = XCSwiftPackageProductDependency;
			package = 3B7AF04426718C2E003BCCF3 /* XCRemoteSwiftPackageReference "firebase-ios-sdk" */;
			productName = FirebaseDatabase;
		};
		3B7AF0902671D3A3003BCCF3 /* URLImage */ = {
			isa = XCSwiftPackageProductDependency;
			package = 3B7AF08F2671D3A3003BCCF3 /* XCRemoteSwiftPackageReference "url-image" */;
			productName = URLImage;
		};
		3B94C37326C311ED00BCCFBA /* FirebaseDynamicLinks */ = {
			isa = XCSwiftPackageProductDependency;
			package = 3B7AF04426718C2E003BCCF3 /* XCRemoteSwiftPackageReference "firebase-ios-sdk" */;
			productName = FirebaseDynamicLinks;
		};
		3B97807C26813BC1009CE037 /* FirebaseMessaging */ = {
			isa = XCSwiftPackageProductDependency;
			package = 3B7AF04426718C2E003BCCF3 /* XCRemoteSwiftPackageReference "firebase-ios-sdk" */;
			productName = FirebaseMessaging;
		};
		3BC155AE26D8245C0069AFD4 /* FirebaseFirestoreSwift-Beta */ = {
			isa = XCSwiftPackageProductDependency;
			package = 3B7AF04426718C2E003BCCF3 /* XCRemoteSwiftPackageReference "firebase-ios-sdk" */;
			productName = "FirebaseFirestoreSwift-Beta";
		};
		3BE61D7126E0B10E0078C6CF /* SPAlert */ = {
			isa = XCSwiftPackageProductDependency;
			package = 3BE61D7026E0B10E0078C6CF /* XCRemoteSwiftPackageReference "SPAlert" */;
			productName = SPAlert;
		};
		6523D93326DC1F41007546F5 /* FirebaseFirestore */ = {
			isa = XCSwiftPackageProductDependency;
			package = 3B7AF04426718C2E003BCCF3 /* XCRemoteSwiftPackageReference "firebase-ios-sdk" */;
			productName = FirebaseFirestore;
		};
		6531838026B232640006D9E2 /* Amplitude */ = {
			isa = XCSwiftPackageProductDependency;
			package = 6531837F26B232640006D9E2 /* XCRemoteSwiftPackageReference "Amplitude-iOS" */;
			productName = Amplitude;
		};
/* End XCSwiftPackageProductDependency section */
	};
	rootObject = 3B75E3B2267153BA002F3108 /* Project object */;
}
